{
  "version": 4,
  "terraform_version": "1.2.1",
  "serial": 478,
  "lineage": "2680df7b-b43a-e38a-4e66-8e2977ba4da8",
  "outputs": {},
  "resources": [
    {
      "mode": "managed",
      "type": "aws_alb",
      "name": "app-alb",
      "provider": "provider[\"registry.terraform.io/hashicorp/aws\"]",
      "instances": [
        {
          "schema_version": 0,
          "attributes": {
            "access_logs": [
              {
                "bucket": "",
                "enabled": false,
                "prefix": ""
              }
            ],
            "arn": "arn:aws:elasticloadbalancing:ap-southeast-1:182313674728:loadbalancer/app/tf-lb-20220604165010664200000005/63ddfd61ba5201ef",
            "arn_suffix": "app/tf-lb-20220604165010664200000005/63ddfd61ba5201ef",
            "customer_owned_ipv4_pool": "",
            "desync_mitigation_mode": "defensive",
            "dns_name": "tf-lb-20220604165010664200000005-1515576610.ap-southeast-1.elb.amazonaws.com",
            "drop_invalid_header_fields": false,
            "enable_cross_zone_load_balancing": null,
            "enable_deletion_protection": false,
            "enable_http2": true,
            "enable_waf_fail_open": false,
            "id": "arn:aws:elasticloadbalancing:ap-southeast-1:182313674728:loadbalancer/app/tf-lb-20220604165010664200000005/63ddfd61ba5201ef",
            "idle_timeout": 60,
            "internal": false,
            "ip_address_type": "ipv4",
            "load_balancer_type": "application",
            "name": "tf-lb-20220604165010664200000005",
            "name_prefix": null,
            "security_groups": [
              "sg-0c5c6c4ab73e03010"
            ],
            "subnet_mapping": [
              {
                "allocation_id": "",
                "ipv6_address": "",
                "outpost_id": "",
                "private_ipv4_address": "",
                "subnet_id": "subnet-0c2dc22263d9a772c"
              },
              {
                "allocation_id": "",
                "ipv6_address": "",
                "outpost_id": "",
                "private_ipv4_address": "",
                "subnet_id": "subnet-0d743230322e00295"
              }
            ],
            "subnets": [
              "subnet-0c2dc22263d9a772c",
              "subnet-0d743230322e00295"
            ],
            "tags": null,
            "tags_all": {},
            "timeouts": null,
            "vpc_id": "vpc-01c33cc238222ed1a",
            "zone_id": "Z1LMS91P8CMLE5"
          },
          "sensitive_attributes": [],
          "private": "eyJlMmJmYjczMC1lY2FhLTExZTYtOGY4OC0zNDM2M2JjN2M0YzAiOnsiY3JlYXRlIjo2MDAwMDAwMDAwMDAsImRlbGV0ZSI6NjAwMDAwMDAwMDAwLCJ1cGRhdGUiOjYwMDAwMDAwMDAwMH19",
          "dependencies": [
            "aws_internet_gateway.astro-main-gw",
            "aws_security_group.astro-app-alb-sg",
            "aws_subnet.astro-private-app-1",
            "aws_subnet.astro-private-app-2",
            "aws_vpc.main",
            "aws_vpc_dhcp_options.dns_resolver",
            "aws_vpc_dhcp_options_association.dns_resolver"
          ]
        }
      ]
    },
    {
      "mode": "managed",
      "type": "aws_alb",
      "name": "web-alb",
      "provider": "provider[\"registry.terraform.io/hashicorp/aws\"]",
      "instances": [
        {
          "schema_version": 0,
          "attributes": {
            "access_logs": [
              {
                "bucket": "",
                "enabled": false,
                "prefix": ""
              }
            ],
            "arn": "arn:aws:elasticloadbalancing:ap-southeast-1:182313674728:loadbalancer/app/tf-lb-20220604165018660900000006/6070bb38b17b418a",
            "arn_suffix": "app/tf-lb-20220604165018660900000006/6070bb38b17b418a",
            "customer_owned_ipv4_pool": "",
            "desync_mitigation_mode": "defensive",
            "dns_name": "tf-lb-20220604165018660900000006-153592642.ap-southeast-1.elb.amazonaws.com",
            "drop_invalid_header_fields": false,
            "enable_cross_zone_load_balancing": null,
            "enable_deletion_protection": false,
            "enable_http2": true,
            "enable_waf_fail_open": false,
            "id": "arn:aws:elasticloadbalancing:ap-southeast-1:182313674728:loadbalancer/app/tf-lb-20220604165018660900000006/6070bb38b17b418a",
            "idle_timeout": 60,
            "internal": false,
            "ip_address_type": "ipv4",
            "load_balancer_type": "application",
            "name": "tf-lb-20220604165018660900000006",
            "name_prefix": null,
            "security_groups": [
              "sg-018d9247ded823115"
            ],
            "subnet_mapping": [
              {
                "allocation_id": "",
                "ipv6_address": "",
                "outpost_id": "",
                "private_ipv4_address": "",
                "subnet_id": "subnet-072d69206e5818ddc"
              },
              {
                "allocation_id": "",
                "ipv6_address": "",
                "outpost_id": "",
                "private_ipv4_address": "",
                "subnet_id": "subnet-0bf7111affa1f414d"
              }
            ],
            "subnets": [
              "subnet-072d69206e5818ddc",
              "subnet-0bf7111affa1f414d"
            ],
            "tags": null,
            "tags_all": {},
            "timeouts": null,
            "vpc_id": "vpc-01c33cc238222ed1a",
            "zone_id": "Z1LMS91P8CMLE5"
          },
          "sensitive_attributes": [],
          "private": "eyJlMmJmYjczMC1lY2FhLTExZTYtOGY4OC0zNDM2M2JjN2M0YzAiOnsiY3JlYXRlIjo2MDAwMDAwMDAwMDAsImRlbGV0ZSI6NjAwMDAwMDAwMDAwLCJ1cGRhdGUiOjYwMDAwMDAwMDAwMH19",
          "dependencies": [
            "aws_internet_gateway.astro-main-gw",
            "aws_security_group.astro-web-alb-sg",
            "aws_subnet.astro-public-1",
            "aws_subnet.astro-public-2",
            "aws_vpc.main",
            "aws_vpc_dhcp_options.dns_resolver",
            "aws_vpc_dhcp_options_association.dns_resolver"
          ]
        }
      ]
    },
    {
      "mode": "managed",
      "type": "aws_alb_listener",
      "name": "app-list",
      "provider": "provider[\"registry.terraform.io/hashicorp/aws\"]",
      "instances": [
        {
          "schema_version": 0,
          "attributes": {
            "alpn_policy": null,
            "arn": "arn:aws:elasticloadbalancing:ap-southeast-1:182313674728:listener/app/tf-lb-20220604165010664200000005/63ddfd61ba5201ef/38f8cfdf7884535e",
            "certificate_arn": null,
            "default_action": [
              {
                "authenticate_cognito": [],
                "authenticate_oidc": [],
                "fixed_response": [],
                "forward": [],
                "order": 1,
                "redirect": [],
                "target_group_arn": "arn:aws:elasticloadbalancing:ap-southeast-1:182313674728:targetgroup/tf-20220604165007145200000002/90f7534e515b22e6",
                "type": "forward"
              }
            ],
            "id": "arn:aws:elasticloadbalancing:ap-southeast-1:182313674728:listener/app/tf-lb-20220604165010664200000005/63ddfd61ba5201ef/38f8cfdf7884535e",
            "load_balancer_arn": "arn:aws:elasticloadbalancing:ap-southeast-1:182313674728:loadbalancer/app/tf-lb-20220604165010664200000005/63ddfd61ba5201ef",
            "port": 80,
            "protocol": "HTTP",
            "ssl_policy": "",
            "tags": null,
            "tags_all": {},
            "timeouts": null
          },
          "sensitive_attributes": [],
          "private": "eyJlMmJmYjczMC1lY2FhLTExZTYtOGY4OC0zNDM2M2JjN2M0YzAiOnsicmVhZCI6NjAwMDAwMDAwMDAwfX0=",
          "dependencies": [
            "aws_alb.app-alb",
            "aws_alb_target_group.app-target-group",
            "aws_internet_gateway.astro-main-gw",
            "aws_security_group.astro-app-alb-sg",
            "aws_subnet.astro-private-app-1",
            "aws_subnet.astro-private-app-2",
            "aws_vpc.main",
            "aws_vpc_dhcp_options.dns_resolver",
            "aws_vpc_dhcp_options_association.dns_resolver"
          ]
        }
      ]
    },
    {
      "mode": "managed",
      "type": "aws_alb_listener",
      "name": "web-list",
      "provider": "provider[\"registry.terraform.io/hashicorp/aws\"]",
      "instances": [
        {
          "schema_version": 0,
          "attributes": {
            "alpn_policy": null,
            "arn": "arn:aws:elasticloadbalancing:ap-southeast-1:182313674728:listener/app/tf-lb-20220604165018660900000006/6070bb38b17b418a/49007cf48466a8f8",
            "certificate_arn": null,
            "default_action": [
              {
                "authenticate_cognito": [],
                "authenticate_oidc": [],
                "fixed_response": [],
                "forward": [],
                "order": 1,
                "redirect": [],
                "target_group_arn": "arn:aws:elasticloadbalancing:ap-southeast-1:182313674728:targetgroup/tf-20220604165007141100000001/979af896f301f9e3",
                "type": "forward"
              }
            ],
            "id": "arn:aws:elasticloadbalancing:ap-southeast-1:182313674728:listener/app/tf-lb-20220604165018660900000006/6070bb38b17b418a/49007cf48466a8f8",
            "load_balancer_arn": "arn:aws:elasticloadbalancing:ap-southeast-1:182313674728:loadbalancer/app/tf-lb-20220604165018660900000006/6070bb38b17b418a",
            "port": 80,
            "protocol": "HTTP",
            "ssl_policy": "",
            "tags": null,
            "tags_all": {},
            "timeouts": null
          },
          "sensitive_attributes": [],
          "private": "eyJlMmJmYjczMC1lY2FhLTExZTYtOGY4OC0zNDM2M2JjN2M0YzAiOnsicmVhZCI6NjAwMDAwMDAwMDAwfX0=",
          "dependencies": [
            "aws_alb.web-alb",
            "aws_alb_target_group.web-target-group",
            "aws_internet_gateway.astro-main-gw",
            "aws_security_group.astro-web-alb-sg",
            "aws_subnet.astro-public-1",
            "aws_subnet.astro-public-2",
            "aws_vpc.main",
            "aws_vpc_dhcp_options.dns_resolver",
            "aws_vpc_dhcp_options_association.dns_resolver"
          ]
        }
      ]
    },
    {
      "mode": "managed",
      "type": "aws_alb_target_group",
      "name": "app-target-group",
      "provider": "provider[\"registry.terraform.io/hashicorp/aws\"]",
      "instances": [
        {
          "schema_version": 0,
          "attributes": {
            "arn": "arn:aws:elasticloadbalancing:ap-southeast-1:182313674728:targetgroup/tf-20220604165007145200000002/90f7534e515b22e6",
            "arn_suffix": "targetgroup/tf-20220604165007145200000002/90f7534e515b22e6",
            "connection_termination": false,
            "deregistration_delay": "300",
            "health_check": [
              {
                "enabled": true,
                "healthy_threshold": 2,
                "interval": 30,
                "matcher": "200-399",
                "path": "/",
                "port": "80",
                "protocol": "HTTP",
                "timeout": 5,
                "unhealthy_threshold": 2
              }
            ],
            "id": "arn:aws:elasticloadbalancing:ap-southeast-1:182313674728:targetgroup/tf-20220604165007145200000002/90f7534e515b22e6",
            "lambda_multi_value_headers_enabled": false,
            "load_balancing_algorithm_type": "round_robin",
            "name": "tf-20220604165007145200000002",
            "name_prefix": null,
            "port": 80,
            "preserve_client_ip": null,
            "protocol": "HTTP",
            "protocol_version": "HTTP1",
            "proxy_protocol_v2": false,
            "slow_start": 0,
            "stickiness": [
              {
                "cookie_duration": 86400,
                "cookie_name": "",
                "enabled": true,
                "type": "lb_cookie"
              }
            ],
            "tags": null,
            "tags_all": {},
            "target_type": "instance",
            "vpc_id": "vpc-01c33cc238222ed1a"
          },
          "sensitive_attributes": [],
          "private": "bnVsbA==",
          "dependencies": [
            "aws_vpc.main"
          ]
        }
      ]
    },
    {
      "mode": "managed",
      "type": "aws_alb_target_group",
      "name": "web-target-group",
      "provider": "provider[\"registry.terraform.io/hashicorp/aws\"]",
      "instances": [
        {
          "schema_version": 0,
          "attributes": {
            "arn": "arn:aws:elasticloadbalancing:ap-southeast-1:182313674728:targetgroup/tf-20220604165007141100000001/979af896f301f9e3",
            "arn_suffix": "targetgroup/tf-20220604165007141100000001/979af896f301f9e3",
            "connection_termination": false,
            "deregistration_delay": "300",
            "health_check": [
              {
                "enabled": true,
                "healthy_threshold": 2,
                "interval": 30,
                "matcher": "200-399",
                "path": "/",
                "port": "80",
                "protocol": "HTTP",
                "timeout": 5,
                "unhealthy_threshold": 2
              }
            ],
            "id": "arn:aws:elasticloadbalancing:ap-southeast-1:182313674728:targetgroup/tf-20220604165007141100000001/979af896f301f9e3",
            "lambda_multi_value_headers_enabled": false,
            "load_balancing_algorithm_type": "round_robin",
            "name": "tf-20220604165007141100000001",
            "name_prefix": null,
            "port": 80,
            "preserve_client_ip": null,
            "protocol": "HTTP",
            "protocol_version": "HTTP1",
            "proxy_protocol_v2": false,
            "slow_start": 0,
            "stickiness": [
              {
                "cookie_duration": 86400,
                "cookie_name": "",
                "enabled": true,
                "type": "lb_cookie"
              }
            ],
            "tags": null,
            "tags_all": {},
            "target_type": "instance",
            "vpc_id": "vpc-01c33cc238222ed1a"
          },
          "sensitive_attributes": [],
          "private": "bnVsbA==",
          "dependencies": [
            "aws_vpc.main"
          ]
        }
      ]
    },
    {
      "mode": "managed",
      "type": "aws_autoscaling_group",
      "name": "astro-app-autoscaling",
      "provider": "provider[\"registry.terraform.io/hashicorp/aws\"]",
      "instances": [
        {
          "schema_version": 0,
          "attributes": {
            "arn": "arn:aws:autoscaling:ap-southeast-1:182313674728:autoScalingGroup:d76fa788-3a22-4594-8b44-6853f08cee96:autoScalingGroupName/astro-app-autoscaling",
            "availability_zones": [
              "ap-southeast-1a",
              "ap-southeast-1b"
            ],
            "capacity_rebalance": false,
            "context": "",
            "default_cooldown": 300,
            "desired_capacity": 1,
            "enabled_metrics": null,
            "force_delete": true,
            "force_delete_warm_pool": false,
            "health_check_grace_period": 300,
            "health_check_type": "EC2",
            "id": "astro-app-autoscaling",
            "initial_lifecycle_hook": [],
            "instance_refresh": [],
            "launch_configuration": "astro-app-launchconfig20220604165010663600000004",
            "launch_template": [],
            "load_balancers": null,
            "max_instance_lifetime": 0,
            "max_size": 2,
            "metrics_granularity": "1Minute",
            "min_elb_capacity": null,
            "min_size": 1,
            "mixed_instances_policy": [],
            "name": "astro-app-autoscaling",
            "name_prefix": "",
            "placement_group": "",
            "protect_from_scale_in": false,
            "service_linked_role_arn": "arn:aws:iam::182313674728:role/aws-service-role/autoscaling.amazonaws.com/AWSServiceRoleForAutoScaling",
            "suspended_processes": null,
            "tag": [
              {
                "key": "Name",
                "propagate_at_launch": true,
                "value": "App Tier"
              }
            ],
            "tags": null,
            "target_group_arns": [
              "arn:aws:elasticloadbalancing:ap-southeast-1:182313674728:targetgroup/tf-20220604165007145200000002/90f7534e515b22e6"
            ],
            "termination_policies": null,
            "timeouts": null,
            "vpc_zone_identifier": [
              "subnet-0c2dc22263d9a772c",
              "subnet-0d743230322e00295"
            ],
            "wait_for_capacity_timeout": "10m",
            "wait_for_elb_capacity": null,
            "warm_pool": []
          },
          "sensitive_attributes": [],
          "private": "eyJlMmJmYjczMC1lY2FhLTExZTYtOGY4OC0zNDM2M2JjN2M0YzAiOnsiZGVsZXRlIjo2MDAwMDAwMDAwMDAsInVwZGF0ZSI6NjAwMDAwMDAwMDAwfX0=",
          "dependencies": [
            "aws_alb_target_group.app-target-group",
            "aws_iam_instance_profile.s3-astro-role-instanceprofile",
            "aws_iam_role.s3-astro-role",
            "aws_key_pair.astro-key-pair",
            "aws_launch_configuration.astro-app-launchconfig",
            "aws_security_group.astro-app-alb-sg",
            "aws_subnet.astro-private-app-1",
            "aws_subnet.astro-private-app-2",
            "aws_vpc.main",
            "tls_private_key.astro-key"
          ]
        }
      ]
    },
    {
      "mode": "managed",
      "type": "aws_autoscaling_group",
      "name": "astro-web-autoscaling",
      "provider": "provider[\"registry.terraform.io/hashicorp/aws\"]",
      "instances": [
        {
          "schema_version": 0,
          "attributes": {
            "arn": "arn:aws:autoscaling:ap-southeast-1:182313674728:autoScalingGroup:36ce532b-f59b-44eb-a221-f17abc7ca117:autoScalingGroupName/astro-web-autoscaling",
            "availability_zones": [
              "ap-southeast-1a",
              "ap-southeast-1b"
            ],
            "capacity_rebalance": false,
            "context": "",
            "default_cooldown": 300,
            "desired_capacity": 1,
            "enabled_metrics": null,
            "force_delete": true,
            "force_delete_warm_pool": false,
            "health_check_grace_period": 300,
            "health_check_type": "EC2",
            "id": "astro-web-autoscaling",
            "initial_lifecycle_hook": [],
            "instance_refresh": [],
            "launch_configuration": "astro-web-launchconfig20220604165010662900000003",
            "launch_template": [],
            "load_balancers": null,
            "max_instance_lifetime": 0,
            "max_size": 2,
            "metrics_granularity": "1Minute",
            "min_elb_capacity": null,
            "min_size": 1,
            "mixed_instances_policy": [],
            "name": "astro-web-autoscaling",
            "name_prefix": "",
            "placement_group": "",
            "protect_from_scale_in": false,
            "service_linked_role_arn": "arn:aws:iam::182313674728:role/aws-service-role/autoscaling.amazonaws.com/AWSServiceRoleForAutoScaling",
            "suspended_processes": null,
            "tag": [
              {
                "key": "Name",
                "propagate_at_launch": true,
                "value": "Web Tier"
              }
            ],
            "tags": null,
            "target_group_arns": [
              "arn:aws:elasticloadbalancing:ap-southeast-1:182313674728:targetgroup/tf-20220604165007141100000001/979af896f301f9e3"
            ],
            "termination_policies": null,
            "timeouts": null,
            "vpc_zone_identifier": [
              "subnet-072d69206e5818ddc",
              "subnet-0bf7111affa1f414d"
            ],
            "wait_for_capacity_timeout": "10m",
            "wait_for_elb_capacity": null,
            "warm_pool": []
          },
          "sensitive_attributes": [],
          "private": "eyJlMmJmYjczMC1lY2FhLTExZTYtOGY4OC0zNDM2M2JjN2M0YzAiOnsiZGVsZXRlIjo2MDAwMDAwMDAwMDAsInVwZGF0ZSI6NjAwMDAwMDAwMDAwfX0=",
          "dependencies": [
            "aws_alb_target_group.web-target-group",
            "aws_key_pair.astro-key-pair",
            "aws_launch_configuration.astro-web-launchconfig",
            "aws_security_group.astro-web-alb-sg",
            "aws_subnet.astro-public-1",
            "aws_subnet.astro-public-2",
            "aws_vpc.main",
            "tls_private_key.astro-key"
          ]
        }
      ]
    },
    {
      "mode": "managed",
      "type": "aws_autoscaling_policy",
      "name": "astro-app-cpu-policy",
      "provider": "provider[\"registry.terraform.io/hashicorp/aws\"]",
      "instances": [
        {
          "schema_version": 0,
          "attributes": {
            "adjustment_type": "ChangeInCapacity",
            "arn": "arn:aws:autoscaling:ap-southeast-1:182313674728:scalingPolicy:5ad7e230-d956-49ab-98ff-0b4de3dbcc3a:autoScalingGroupName/astro-app-autoscaling:policyName/astro-cpu-policy",
            "autoscaling_group_name": "astro-app-autoscaling",
            "cooldown": 300,
            "enabled": true,
            "estimated_instance_warmup": 0,
            "id": "astro-cpu-policy",
            "metric_aggregation_type": "",
            "min_adjustment_magnitude": null,
            "name": "astro-cpu-policy",
            "policy_type": "SimpleScaling",
            "predictive_scaling_configuration": [],
            "scaling_adjustment": 1,
            "step_adjustment": [],
            "target_tracking_configuration": []
          },
          "sensitive_attributes": [],
          "private": "bnVsbA==",
          "dependencies": [
            "aws_alb_target_group.app-target-group",
            "aws_autoscaling_group.astro-app-autoscaling",
            "aws_iam_instance_profile.s3-astro-role-instanceprofile",
            "aws_iam_role.s3-astro-role",
            "aws_key_pair.astro-key-pair",
            "aws_launch_configuration.astro-app-launchconfig",
            "aws_security_group.astro-app-alb-sg",
            "aws_subnet.astro-private-app-1",
            "aws_subnet.astro-private-app-2",
            "aws_vpc.main",
            "tls_private_key.astro-key"
          ]
        }
      ]
    },
    {
      "mode": "managed",
      "type": "aws_autoscaling_policy",
      "name": "astro-app-cpu-policy-scaledown",
      "provider": "provider[\"registry.terraform.io/hashicorp/aws\"]",
      "instances": [
        {
          "schema_version": 0,
          "attributes": {
            "adjustment_type": "ChangeInCapacity",
            "arn": "arn:aws:autoscaling:ap-southeast-1:182313674728:scalingPolicy:e7125827-3920-41f4-a402-67ecad3d2040:autoScalingGroupName/astro-app-autoscaling:policyName/astro-cpu-policy-scaledown",
            "autoscaling_group_name": "astro-app-autoscaling",
            "cooldown": 300,
            "enabled": true,
            "estimated_instance_warmup": 0,
            "id": "astro-cpu-policy-scaledown",
            "metric_aggregation_type": "",
            "min_adjustment_magnitude": null,
            "name": "astro-cpu-policy-scaledown",
            "policy_type": "SimpleScaling",
            "predictive_scaling_configuration": [],
            "scaling_adjustment": -1,
            "step_adjustment": [],
            "target_tracking_configuration": []
          },
          "sensitive_attributes": [],
          "private": "bnVsbA==",
          "dependencies": [
            "aws_alb_target_group.app-target-group",
            "aws_autoscaling_group.astro-app-autoscaling",
            "aws_iam_instance_profile.s3-astro-role-instanceprofile",
            "aws_iam_role.s3-astro-role",
            "aws_key_pair.astro-key-pair",
            "aws_launch_configuration.astro-app-launchconfig",
            "aws_security_group.astro-app-alb-sg",
            "aws_subnet.astro-private-app-1",
            "aws_subnet.astro-private-app-2",
            "aws_vpc.main",
            "tls_private_key.astro-key"
          ]
        }
      ]
    },
    {
      "mode": "managed",
      "type": "aws_autoscaling_policy",
      "name": "astro-web-cpu-policy",
      "provider": "provider[\"registry.terraform.io/hashicorp/aws\"]",
      "instances": [
        {
          "schema_version": 0,
          "attributes": {
            "adjustment_type": "ChangeInCapacity",
            "arn": "arn:aws:autoscaling:ap-southeast-1:182313674728:scalingPolicy:63a2a539-047a-49f8-8529-31ccaa9f01af:autoScalingGroupName/astro-web-autoscaling:policyName/astro-cpu-policy",
            "autoscaling_group_name": "astro-web-autoscaling",
            "cooldown": 300,
            "enabled": true,
            "estimated_instance_warmup": 0,
            "id": "astro-cpu-policy",
            "metric_aggregation_type": "",
            "min_adjustment_magnitude": null,
            "name": "astro-cpu-policy",
            "policy_type": "SimpleScaling",
            "predictive_scaling_configuration": [],
            "scaling_adjustment": 1,
            "step_adjustment": [],
            "target_tracking_configuration": []
          },
          "sensitive_attributes": [],
          "private": "bnVsbA==",
          "dependencies": [
            "aws_alb_target_group.web-target-group",
            "aws_autoscaling_group.astro-web-autoscaling",
            "aws_key_pair.astro-key-pair",
            "aws_launch_configuration.astro-web-launchconfig",
            "aws_security_group.astro-web-alb-sg",
            "aws_subnet.astro-public-1",
            "aws_subnet.astro-public-2",
            "aws_vpc.main",
            "tls_private_key.astro-key"
          ]
        }
      ]
    },
    {
      "mode": "managed",
      "type": "aws_autoscaling_policy",
      "name": "astro-web-cpu-policy-scaledown",
      "provider": "provider[\"registry.terraform.io/hashicorp/aws\"]",
      "instances": [
        {
          "schema_version": 0,
          "attributes": {
            "adjustment_type": "ChangeInCapacity",
            "arn": "arn:aws:autoscaling:ap-southeast-1:182313674728:scalingPolicy:d5c1e11d-8a86-4d2a-b270-b49b757da9c8:autoScalingGroupName/astro-web-autoscaling:policyName/astro-cpu-policy-scaledown",
            "autoscaling_group_name": "astro-web-autoscaling",
            "cooldown": 300,
            "enabled": true,
            "estimated_instance_warmup": 0,
            "id": "astro-cpu-policy-scaledown",
            "metric_aggregation_type": "",
            "min_adjustment_magnitude": null,
            "name": "astro-cpu-policy-scaledown",
            "policy_type": "SimpleScaling",
            "predictive_scaling_configuration": [],
            "scaling_adjustment": -1,
            "step_adjustment": [],
            "target_tracking_configuration": []
          },
          "sensitive_attributes": [],
          "private": "bnVsbA==",
          "dependencies": [
            "aws_alb_target_group.web-target-group",
            "aws_autoscaling_group.astro-web-autoscaling",
            "aws_key_pair.astro-key-pair",
            "aws_launch_configuration.astro-web-launchconfig",
            "aws_security_group.astro-web-alb-sg",
            "aws_subnet.astro-public-1",
            "aws_subnet.astro-public-2",
            "aws_vpc.main",
            "tls_private_key.astro-key"
          ]
        }
      ]
    },
    {
      "mode": "managed",
      "type": "aws_cloudwatch_metric_alarm",
      "name": "astro-app-cpu-alarm",
      "provider": "provider[\"registry.terraform.io/hashicorp/aws\"]",
      "instances": [
        {
          "schema_version": 1,
          "attributes": {
            "actions_enabled": true,
            "alarm_actions": [
              "arn:aws:autoscaling:ap-southeast-1:182313674728:scalingPolicy:5ad7e230-d956-49ab-98ff-0b4de3dbcc3a:autoScalingGroupName/astro-app-autoscaling:policyName/astro-cpu-policy"
            ],
            "alarm_description": "astro-app-cpu-alarm",
            "alarm_name": "astro-app-cpu-alarm",
            "arn": "arn:aws:cloudwatch:ap-southeast-1:182313674728:alarm:astro-app-cpu-alarm",
            "comparison_operator": "GreaterThanOrEqualToThreshold",
            "datapoints_to_alarm": 0,
            "dimensions": {
              "AutoScalingGroupName": "astro-app-autoscaling"
            },
            "evaluate_low_sample_count_percentiles": "",
            "evaluation_periods": 2,
            "extended_statistic": "",
            "id": "astro-app-cpu-alarm",
            "insufficient_data_actions": null,
            "metric_name": "CPUUtilization",
            "metric_query": [],
            "namespace": "AWS/EC2",
            "ok_actions": null,
            "period": 120,
            "statistic": "Average",
            "tags": null,
            "tags_all": {},
            "threshold": 30,
            "threshold_metric_id": "",
            "treat_missing_data": "missing",
            "unit": ""
          },
          "sensitive_attributes": [],
          "private": "eyJzY2hlbWFfdmVyc2lvbiI6IjEifQ==",
          "dependencies": [
            "aws_alb_target_group.app-target-group",
            "aws_autoscaling_group.astro-app-autoscaling",
            "aws_autoscaling_policy.astro-app-cpu-policy",
            "aws_iam_instance_profile.s3-astro-role-instanceprofile",
            "aws_iam_role.s3-astro-role",
            "aws_key_pair.astro-key-pair",
            "aws_launch_configuration.astro-app-launchconfig",
            "aws_security_group.astro-app-alb-sg",
            "aws_subnet.astro-private-app-1",
            "aws_subnet.astro-private-app-2",
            "aws_vpc.main",
            "tls_private_key.astro-key"
          ]
        }
      ]
    },
    {
      "mode": "managed",
      "type": "aws_cloudwatch_metric_alarm",
      "name": "astro-app-cpu-alarm-scaledown",
      "provider": "provider[\"registry.terraform.io/hashicorp/aws\"]",
      "instances": [
        {
          "schema_version": 1,
          "attributes": {
            "actions_enabled": true,
            "alarm_actions": [
              "arn:aws:autoscaling:ap-southeast-1:182313674728:scalingPolicy:e7125827-3920-41f4-a402-67ecad3d2040:autoScalingGroupName/astro-app-autoscaling:policyName/astro-cpu-policy-scaledown"
            ],
            "alarm_description": "astro-app-cpu-alarm-scaledown",
            "alarm_name": "astro-app-cpu-alarm-scaledown",
            "arn": "arn:aws:cloudwatch:ap-southeast-1:182313674728:alarm:astro-app-cpu-alarm-scaledown",
            "comparison_operator": "LessThanOrEqualToThreshold",
            "datapoints_to_alarm": 0,
            "dimensions": {
              "AutoScalingGroupName": "astro-app-autoscaling"
            },
            "evaluate_low_sample_count_percentiles": "",
            "evaluation_periods": 2,
            "extended_statistic": "",
            "id": "astro-app-cpu-alarm-scaledown",
            "insufficient_data_actions": null,
            "metric_name": "CPUUtilization",
            "metric_query": [],
            "namespace": "AWS/EC2",
            "ok_actions": null,
            "period": 120,
            "statistic": "Average",
            "tags": null,
            "tags_all": {},
            "threshold": 5,
            "threshold_metric_id": "",
            "treat_missing_data": "missing",
            "unit": ""
          },
          "sensitive_attributes": [],
          "private": "eyJzY2hlbWFfdmVyc2lvbiI6IjEifQ==",
          "dependencies": [
            "aws_alb_target_group.app-target-group",
            "aws_autoscaling_group.astro-app-autoscaling",
            "aws_autoscaling_policy.astro-app-cpu-policy-scaledown",
            "aws_iam_instance_profile.s3-astro-role-instanceprofile",
            "aws_iam_role.s3-astro-role",
            "aws_key_pair.astro-key-pair",
            "aws_launch_configuration.astro-app-launchconfig",
            "aws_security_group.astro-app-alb-sg",
            "aws_subnet.astro-private-app-1",
            "aws_subnet.astro-private-app-2",
            "aws_vpc.main",
            "tls_private_key.astro-key"
          ]
        }
      ]
    },
    {
      "mode": "managed",
      "type": "aws_cloudwatch_metric_alarm",
      "name": "astro-web-cpu-alarm",
      "provider": "provider[\"registry.terraform.io/hashicorp/aws\"]",
      "instances": [
        {
          "schema_version": 1,
          "attributes": {
            "actions_enabled": true,
            "alarm_actions": [
              "arn:aws:autoscaling:ap-southeast-1:182313674728:scalingPolicy:63a2a539-047a-49f8-8529-31ccaa9f01af:autoScalingGroupName/astro-web-autoscaling:policyName/astro-cpu-policy"
            ],
            "alarm_description": "astro-web-cpu-alarm",
            "alarm_name": "astro-web-cpu-alarm",
            "arn": "arn:aws:cloudwatch:ap-southeast-1:182313674728:alarm:astro-web-cpu-alarm",
            "comparison_operator": "GreaterThanOrEqualToThreshold",
            "datapoints_to_alarm": 0,
            "dimensions": {
              "AutoScalingGroupName": "astro-web-autoscaling"
            },
            "evaluate_low_sample_count_percentiles": "",
            "evaluation_periods": 2,
            "extended_statistic": "",
            "id": "astro-web-cpu-alarm",
            "insufficient_data_actions": null,
            "metric_name": "CPUUtilization",
            "metric_query": [],
            "namespace": "AWS/EC2",
            "ok_actions": null,
            "period": 120,
            "statistic": "Average",
            "tags": null,
            "tags_all": {},
            "threshold": 30,
            "threshold_metric_id": "",
            "treat_missing_data": "missing",
            "unit": ""
          },
          "sensitive_attributes": [],
          "private": "eyJzY2hlbWFfdmVyc2lvbiI6IjEifQ==",
          "dependencies": [
            "aws_alb_target_group.web-target-group",
            "aws_autoscaling_group.astro-web-autoscaling",
            "aws_autoscaling_policy.astro-web-cpu-policy",
            "aws_key_pair.astro-key-pair",
            "aws_launch_configuration.astro-web-launchconfig",
            "aws_security_group.astro-web-alb-sg",
            "aws_subnet.astro-public-1",
            "aws_subnet.astro-public-2",
            "aws_vpc.main",
            "tls_private_key.astro-key"
          ]
        }
      ]
    },
    {
      "mode": "managed",
      "type": "aws_cloudwatch_metric_alarm",
      "name": "astro-web-cpu-alarm-scaledown",
      "provider": "provider[\"registry.terraform.io/hashicorp/aws\"]",
      "instances": [
        {
          "schema_version": 1,
          "attributes": {
            "actions_enabled": true,
            "alarm_actions": [
              "arn:aws:autoscaling:ap-southeast-1:182313674728:scalingPolicy:d5c1e11d-8a86-4d2a-b270-b49b757da9c8:autoScalingGroupName/astro-web-autoscaling:policyName/astro-cpu-policy-scaledown"
            ],
            "alarm_description": "astro-web-cpu-alarm-scaledown",
            "alarm_name": "astro-web-cpu-alarm-scaledown",
            "arn": "arn:aws:cloudwatch:ap-southeast-1:182313674728:alarm:astro-web-cpu-alarm-scaledown",
            "comparison_operator": "LessThanOrEqualToThreshold",
            "datapoints_to_alarm": 0,
            "dimensions": {
              "AutoScalingGroupName": "astro-web-autoscaling"
            },
            "evaluate_low_sample_count_percentiles": "",
            "evaluation_periods": 2,
            "extended_statistic": "",
            "id": "astro-web-cpu-alarm-scaledown",
            "insufficient_data_actions": null,
            "metric_name": "CPUUtilization",
            "metric_query": [],
            "namespace": "AWS/EC2",
            "ok_actions": null,
            "period": 120,
            "statistic": "Average",
            "tags": null,
            "tags_all": {},
            "threshold": 5,
            "threshold_metric_id": "",
            "treat_missing_data": "missing",
            "unit": ""
          },
          "sensitive_attributes": [],
          "private": "eyJzY2hlbWFfdmVyc2lvbiI6IjEifQ==",
          "dependencies": [
            "aws_alb_target_group.web-target-group",
            "aws_autoscaling_group.astro-web-autoscaling",
            "aws_autoscaling_policy.astro-web-cpu-policy-scaledown",
            "aws_key_pair.astro-key-pair",
            "aws_launch_configuration.astro-web-launchconfig",
            "aws_security_group.astro-web-alb-sg",
            "aws_subnet.astro-public-1",
            "aws_subnet.astro-public-2",
            "aws_vpc.main",
            "tls_private_key.astro-key"
          ]
        }
      ]
    },
    {
      "mode": "managed",
      "type": "aws_db_instance",
      "name": "astro-mysql",
      "provider": "provider[\"registry.terraform.io/hashicorp/aws\"]",
      "instances": [
        {
          "schema_version": 1,
          "attributes": {
            "address": "mysql.cau43ovgzmoy.ap-southeast-1.rds.amazonaws.com",
            "allocated_storage": 100,
            "allow_major_version_upgrade": null,
            "apply_immediately": null,
            "arn": "arn:aws:rds:ap-southeast-1:182313674728:db:mysql",
            "auto_minor_version_upgrade": true,
            "availability_zone": "ap-southeast-1a",
            "backup_retention_period": 30,
            "backup_window": "17:34-18:04",
            "ca_cert_identifier": "rds-ca-2019",
            "character_set_name": "",
            "copy_tags_to_snapshot": false,
            "customer_owned_ip_enabled": false,
            "db_name": "astrodb",
            "db_subnet_group_name": "mysqldb-subnet",
            "delete_automated_backups": true,
            "deletion_protection": false,
            "domain": "",
            "domain_iam_role_name": "",
            "enabled_cloudwatch_logs_exports": null,
            "endpoint": "mysql.cau43ovgzmoy.ap-southeast-1.rds.amazonaws.com:3306",
            "engine": "mysql",
            "engine_version": "8.0",
            "engine_version_actual": "8.0.28",
            "final_snapshot_identifier": null,
            "hosted_zone_id": "Z2G0U3KFCY8NZ5",
            "iam_database_authentication_enabled": false,
            "id": "mysql",
            "identifier": "mysql",
            "identifier_prefix": "",
            "instance_class": "db.t2.small",
            "iops": 0,
            "kms_key_id": "",
            "latest_restorable_time": "2022-06-04T16:56:49Z",
            "license_model": "general-public-license",
            "maintenance_window": "wed:16:16-wed:16:46",
            "max_allocated_storage": 0,
            "monitoring_interval": 0,
            "monitoring_role_arn": "",
            "multi_az": false,
            "name": "astrodb",
            "nchar_character_set_name": "",
            "option_group_name": "default:mysql-8-0",
            "parameter_group_name": "mysqldb-parameters",
            "password": "Welcome01!",
            "performance_insights_enabled": false,
            "performance_insights_kms_key_id": "",
            "performance_insights_retention_period": 0,
            "port": 3306,
            "publicly_accessible": false,
            "replica_mode": "",
            "replicas": [],
            "replicate_source_db": "",
            "resource_id": "db-CX5DUGMOXDBXFB7BW6FBBLZMLE",
            "restore_to_point_in_time": [],
            "s3_import": [],
            "security_group_names": null,
            "skip_final_snapshot": true,
            "snapshot_identifier": null,
            "status": "available",
            "storage_encrypted": false,
            "storage_type": "gp2",
            "tags": {
              "Name": "astro-mysql-test"
            },
            "tags_all": {
              "Name": "astro-mysql-test"
            },
            "timeouts": null,
            "timezone": "",
            "username": "root",
            "vpc_security_group_ids": [
              "sg-0d0b813c10fa4e583"
            ]
          },
          "sensitive_attributes": [],
          "private": "eyJlMmJmYjczMC1lY2FhLTExZTYtOGY4OC0zNDM2M2JjN2M0YzAiOnsiY3JlYXRlIjoyNDAwMDAwMDAwMDAwLCJkZWxldGUiOjM2MDAwMDAwMDAwMDAsInVwZGF0ZSI6NDgwMDAwMDAwMDAwMH0sInNjaGVtYV92ZXJzaW9uIjoiMSJ9",
          "dependencies": [
            "aws_db_parameter_group.mysqldb-parameters",
            "aws_db_subnet_group.mysqldb-subnet",
            "aws_security_group.astro-app-alb-sg",
            "aws_security_group.astro-app-sg",
            "aws_security_group.astro-mysql-sg",
            "aws_subnet.astro-private-db-1",
            "aws_subnet.astro-private-db-2",
            "aws_vpc.main"
          ]
        }
      ]
    },
    {
      "mode": "managed",
      "type": "aws_db_parameter_group",
      "name": "mysqldb-parameters",
      "provider": "provider[\"registry.terraform.io/hashicorp/aws\"]",
      "instances": [
        {
          "schema_version": 0,
          "attributes": {
            "arn": "arn:aws:rds:ap-southeast-1:182313674728:pg:mysqldb-parameters",
            "description": "mysqldb parameter group",
            "family": "mysql8.0",
            "id": "mysqldb-parameters",
            "name": "mysqldb-parameters",
            "name_prefix": null,
            "parameter": [
              {
                "apply_method": "immediate",
                "name": "max_allowed_packet",
                "value": "16777216"
              }
            ],
            "tags": null,
            "tags_all": {}
          },
          "sensitive_attributes": [],
          "private": "bnVsbA=="
        }
      ]
    },
    {
      "mode": "managed",
      "type": "aws_db_subnet_group",
      "name": "mysqldb-subnet",
      "provider": "provider[\"registry.terraform.io/hashicorp/aws\"]",
      "instances": [
        {
          "schema_version": 0,
          "attributes": {
            "arn": "arn:aws:rds:ap-southeast-1:182313674728:subgrp:mysqldb-subnet",
            "description": "RDS subnet group",
            "id": "mysqldb-subnet",
            "name": "mysqldb-subnet",
            "name_prefix": null,
            "subnet_ids": [
              "subnet-0c167fe215b9c2fc4",
              "subnet-0f1a816c790917204"
            ],
            "tags": null,
            "tags_all": {}
          },
          "sensitive_attributes": [],
          "private": "bnVsbA==",
          "dependencies": [
            "aws_subnet.astro-private-db-1",
            "aws_subnet.astro-private-db-2",
            "aws_vpc.main"
          ]
        }
      ]
    },
    {
      "mode": "managed",
      "type": "aws_eip",
      "name": "astro-nat-eip",
      "provider": "provider[\"registry.terraform.io/hashicorp/aws\"]",
      "instances": [
        {
          "schema_version": 0,
          "attributes": {
            "address": null,
            "allocation_id": "eipalloc-0a7e5933c0dbb85f7",
            "associate_with_private_ip": null,
            "association_id": "",
            "carrier_ip": "",
            "customer_owned_ip": "",
            "customer_owned_ipv4_pool": "",
            "domain": "vpc",
            "id": "eipalloc-0a7e5933c0dbb85f7",
            "instance": "",
            "network_border_group": "ap-southeast-1",
            "network_interface": "",
            "private_dns": null,
            "private_ip": "",
            "public_dns": "ec2-13-215-110-237.ap-southeast-1.compute.amazonaws.com",
            "public_ip": "13.215.110.237",
            "public_ipv4_pool": "amazon",
            "tags": {
              "Name": "astro-nat-eip"
            },
            "tags_all": {
              "Name": "astro-nat-eip"
            },
            "timeouts": null,
            "vpc": true
          },
          "sensitive_attributes": [],
          "private": "eyJlMmJmYjczMC1lY2FhLTExZTYtOGY4OC0zNDM2M2JjN2M0YzAiOnsiZGVsZXRlIjoxODAwMDAwMDAwMDAsInJlYWQiOjkwMDAwMDAwMDAwMCwidXBkYXRlIjozMDAwMDAwMDAwMDB9fQ==",
          "dependencies": [
            "aws_internet_gateway.astro-main-gw",
            "aws_vpc.main",
            "aws_vpc_dhcp_options.dns_resolver",
            "aws_vpc_dhcp_options_association.dns_resolver"
          ]
        }
      ]
    },
    {
      "mode": "managed",
      "type": "aws_iam_instance_profile",
      "name": "s3-astro-role-instanceprofile",
      "provider": "provider[\"registry.terraform.io/hashicorp/aws\"]",
      "instances": [
        {
          "schema_version": 0,
          "attributes": {
            "arn": "arn:aws:iam::182313674728:instance-profile/s3-astro-role",
            "create_date": "2022-06-04T16:50:00Z",
            "id": "s3-astro-role",
            "name": "s3-astro-role",
            "name_prefix": null,
            "path": "/",
            "role": "s3-astro-role",
            "tags": null,
            "tags_all": {},
            "unique_id": "AIPASU4V547UMELSZWNOC"
          },
          "sensitive_attributes": [],
          "private": "bnVsbA==",
          "dependencies": [
            "aws_iam_role.s3-astro-role"
          ]
        }
      ]
    },
    {
      "mode": "managed",
      "type": "aws_iam_role",
      "name": "s3-astro-role",
      "provider": "provider[\"registry.terraform.io/hashicorp/aws\"]",
      "instances": [
        {
          "schema_version": 0,
          "attributes": {
            "arn": "arn:aws:iam::182313674728:role/s3-astro-role",
            "assume_role_policy": "{\"Version\":\"2012-10-17\",\"Statement\":[{\"Sid\":\"\",\"Effect\":\"Allow\",\"Principal\":{\"Service\":\"ec2.amazonaws.com\"},\"Action\":\"sts:AssumeRole\"}]}",
            "create_date": "2022-06-04T16:49:57Z",
            "description": "",
            "force_detach_policies": false,
            "id": "s3-astro-role",
            "inline_policy": [
              {
                "name": "",
                "policy": ""
              }
            ],
            "managed_policy_arns": [],
            "max_session_duration": 3600,
            "name": "s3-astro-role",
            "name_prefix": "",
            "path": "/",
            "permissions_boundary": null,
            "tags": null,
            "tags_all": {},
            "unique_id": "AROASU4V547UNZRYDYAUI"
          },
          "sensitive_attributes": [],
          "private": "bnVsbA=="
        }
      ]
    },
    {
      "mode": "managed",
      "type": "aws_iam_role_policy",
      "name": "s3-astro-role-policy",
      "provider": "provider[\"registry.terraform.io/hashicorp/aws\"]",
      "instances": [
        {
          "schema_version": 0,
          "attributes": {
            "id": "s3-astro-role:s3-astro-role-policy",
            "name": "s3-astro-role-policy",
            "name_prefix": null,
            "policy": "{\n    \"Version\": \"2012-10-17\",\n    \"Statement\": [\n        {\n            \"Effect\": \"Allow\",\n            \"Action\": [\n              \"s3:*\",\n              \"cloudwatch:*\",\n              \"rds:*\"\n            ],\n            \"Resource\": \"*\"\n        }\n    ]\n}\n",
            "role": "s3-astro-role"
          },
          "sensitive_attributes": [],
          "private": "bnVsbA==",
          "dependencies": [
            "aws_iam_role.s3-astro-role"
          ]
        }
      ]
    },
    {
      "mode": "managed",
      "type": "aws_internet_gateway",
      "name": "astro-main-gw",
      "provider": "provider[\"registry.terraform.io/hashicorp/aws\"]",
      "instances": [
        {
          "schema_version": 0,
          "attributes": {
            "arn": "arn:aws:ec2:ap-southeast-1:182313674728:internet-gateway/igw-03b3e8102f9eced9d",
            "id": "igw-03b3e8102f9eced9d",
            "owner_id": "182313674728",
            "tags": {
              "Name": "astro-main-gw"
            },
            "tags_all": {
              "Name": "astro-main-gw"
            },
            "vpc_id": "vpc-01c33cc238222ed1a"
          },
          "sensitive_attributes": [],
          "private": "bnVsbA==",
          "dependencies": [
            "aws_vpc.main"
          ]
        }
      ]
    },
    {
      "mode": "managed",
      "type": "aws_key_pair",
      "name": "astro-key-pair",
      "provider": "provider[\"registry.terraform.io/hashicorp/aws\"]",
      "instances": [
        {
          "schema_version": 1,
          "attributes": {
            "arn": "arn:aws:ec2:ap-southeast-1:182313674728:key-pair/astro-key",
            "fingerprint": "4d:7f:18:99:18:bb:f4:3d:1d:94:78:f1:cd:aa:dd:ad",
            "id": "astro-key",
            "key_name": "astro-key",
            "key_name_prefix": "",
            "key_pair_id": "key-0e8bae6395d3d5ef8",
            "public_key": "ssh-rsa AAAAB3NzaC1yc2EAAAADAQABAAACAQC5/R7+N57e4Ul8vUc9GFhSMAHUToOG86cKWyypx+PORzg9C9oAUE9j1VdsgPASP4fzP3KBxLiwgAAd7MgZMK0iFUa8lvUehTCDO1xsHChslPY35ttcaGOC/uNeF29dDybRYELirYBvwsGn3Qy0MJjhLRXag4S2NPVWvMJ4x6I1MqG9XVXgaKQHgKOdBQZSgfAVsAEhOiLte+XPF2Hz73a1JtBaBLkyJZRMUYjBVl7E3buAV4yS2YFveIZ1NDDULYl0Zl5O5JDzyJp1dMoH2CacEcLinJOduQ81505uGYiKCLZzFCuWjj6GPDwpOU42BOJaBoOBWeqNAHgG/jgC/6Z4Un1PNdr30h3N1vJjH8nmXlzDLCA0t8UAQ6HfrQcpIlM+AkHDP0F9EsMSN/Y/wkUUnMYIVaZ+7gqiDohKmWfmvp74vYb/t6IzAPijg781IsbqdBZOOEoMfZmeJKPiWOdYx+fyZwwqJGGc44fQ0aHWi/FCD+cz2DD2hXwlPll9y3WR43w5gxJFHkbb8LcR63P0Z1h5hwIl0Op5LdBwhBq32SVzDVAee2kCDEW2t61KvVGKoZTJl9I2e/BcwFoN0isUDhoVuOprm4E8jvsyt0jbS1Jq6NHbQ/HDxj8/4hXROEV+iU1XL2/kA2Fy1iuHyFQDHImlMvaBrlECleiTqyy5NQ==",
            "tags": {
              "Name": "astro-key-pair"
            },
            "tags_all": {
              "Name": "astro-key-pair"
            }
          },
          "sensitive_attributes": [],
          "private": "eyJzY2hlbWFfdmVyc2lvbiI6IjEifQ==",
          "dependencies": [
            "tls_private_key.astro-key"
          ]
        }
      ]
    },
    {
      "mode": "managed",
      "type": "aws_launch_configuration",
      "name": "astro-app-launchconfig",
      "provider": "provider[\"registry.terraform.io/hashicorp/aws\"]",
      "instances": [
        {
          "schema_version": 0,
          "attributes": {
            "arn": "arn:aws:autoscaling:ap-southeast-1:182313674728:launchConfiguration:80408c56-a3cd-452f-ab75-87d483da16f3:launchConfigurationName/astro-app-launchconfig20220604165010663600000004",
            "associate_public_ip_address": false,
            "ebs_block_device": [],
            "ebs_optimized": false,
            "enable_monitoring": true,
            "ephemeral_block_device": [],
            "iam_instance_profile": "s3-astro-role",
            "id": "astro-app-launchconfig20220604165010663600000004",
            "image_id": "ami-0adfdaea54d40922b",
            "instance_type": "t2.micro",
            "key_name": "astro-key",
            "metadata_options": [],
            "name": "astro-app-launchconfig20220604165010663600000004",
            "name_prefix": "astro-app-launchconfig",
            "placement_tenancy": "",
            "root_block_device": [],
            "security_groups": [
              "sg-0c5c6c4ab73e03010"
            ],
            "spot_price": "",
            "user_data": "eedc7c78762ba6092b9b8121bd396bd2b59ae056",
            "user_data_base64": null,
            "vpc_classic_link_id": "",
            "vpc_classic_link_security_groups": null
          },
          "sensitive_attributes": [],
          "private": "bnVsbA==",
          "dependencies": [
            "aws_iam_instance_profile.s3-astro-role-instanceprofile",
            "aws_iam_role.s3-astro-role",
            "aws_key_pair.astro-key-pair",
            "aws_security_group.astro-app-alb-sg",
            "aws_vpc.main",
            "tls_private_key.astro-key"
          ]
        }
      ]
    },
    {
      "mode": "managed",
      "type": "aws_launch_configuration",
      "name": "astro-web-launchconfig",
      "provider": "provider[\"registry.terraform.io/hashicorp/aws\"]",
      "instances": [
        {
          "schema_version": 0,
          "attributes": {
            "arn": "arn:aws:autoscaling:ap-southeast-1:182313674728:launchConfiguration:ce5f6459-53c1-4484-b69c-0e03b6adf0a4:launchConfigurationName/astro-web-launchconfig20220604165010662900000003",
            "associate_public_ip_address": true,
            "ebs_block_device": [],
            "ebs_optimized": false,
            "enable_monitoring": true,
            "ephemeral_block_device": [],
            "iam_instance_profile": "",
            "id": "astro-web-launchconfig20220604165010662900000003",
            "image_id": "ami-0adfdaea54d40922b",
            "instance_type": "t2.micro",
            "key_name": "astro-key",
            "metadata_options": [],
            "name": "astro-web-launchconfig20220604165010662900000003",
            "name_prefix": "astro-web-launchconfig",
            "placement_tenancy": "",
            "root_block_device": [],
            "security_groups": [
              "sg-018d9247ded823115"
            ],
            "spot_price": "",
            "user_data": "eedc7c78762ba6092b9b8121bd396bd2b59ae056",
            "user_data_base64": null,
            "vpc_classic_link_id": "",
            "vpc_classic_link_security_groups": null
          },
          "sensitive_attributes": [],
          "private": "bnVsbA==",
          "dependencies": [
            "aws_key_pair.astro-key-pair",
            "aws_security_group.astro-web-alb-sg",
            "aws_vpc.main",
            "tls_private_key.astro-key"
          ]
        }
      ]
    },
    {
      "mode": "managed",
      "type": "aws_nat_gateway",
      "name": "astro-nat-gateway",
      "provider": "provider[\"registry.terraform.io/hashicorp/aws\"]",
      "instances": [
        {
          "schema_version": 0,
          "attributes": {
            "allocation_id": "eipalloc-0a7e5933c0dbb85f7",
            "connectivity_type": "public",
            "id": "nat-0bff899cdda1d8e8a",
            "network_interface_id": "eni-0ce72dd8ca0f4a1b3",
            "private_ip": "10.5.1.107",
            "public_ip": "13.215.110.237",
            "subnet_id": "subnet-072d69206e5818ddc",
            "tags": {
              "Name": "astro-nat-gateway"
            },
            "tags_all": {
              "Name": "astro-nat-gateway"
            }
          },
          "sensitive_attributes": [],
          "private": "bnVsbA==",
          "dependencies": [
            "aws_eip.astro-nat-eip",
            "aws_internet_gateway.astro-main-gw",
            "aws_subnet.astro-public-1",
            "aws_vpc.main",
            "aws_vpc_dhcp_options.dns_resolver",
            "aws_vpc_dhcp_options_association.dns_resolver"
          ]
        }
      ]
    },
    {
      "mode": "managed",
      "type": "aws_route_table",
      "name": "astro-main-public-rtb",
      "provider": "provider[\"registry.terraform.io/hashicorp/aws\"]",
      "instances": [
        {
          "schema_version": 0,
          "attributes": {
            "arn": "arn:aws:ec2:ap-southeast-1:182313674728:route-table/rtb-007e67b49f38d7be1",
            "id": "rtb-007e67b49f38d7be1",
            "owner_id": "182313674728",
            "propagating_vgws": [],
            "route": [
              {
                "carrier_gateway_id": "",
                "cidr_block": "0.0.0.0/0",
                "core_network_arn": "",
                "destination_prefix_list_id": "",
                "egress_only_gateway_id": "",
                "gateway_id": "igw-03b3e8102f9eced9d",
                "instance_id": "",
                "ipv6_cidr_block": "",
                "local_gateway_id": "",
                "nat_gateway_id": "",
                "network_interface_id": "",
                "transit_gateway_id": "",
                "vpc_endpoint_id": "",
                "vpc_peering_connection_id": ""
              }
            ],
            "tags": {
              "Name": "astro-main-public-rtb"
            },
            "tags_all": {
              "Name": "astro-main-public-rtb"
            },
            "timeouts": null,
            "vpc_id": "vpc-01c33cc238222ed1a"
          },
          "sensitive_attributes": [],
          "private": "eyJlMmJmYjczMC1lY2FhLTExZTYtOGY4OC0zNDM2M2JjN2M0YzAiOnsiY3JlYXRlIjozMDAwMDAwMDAwMDAsImRlbGV0ZSI6MzAwMDAwMDAwMDAwLCJ1cGRhdGUiOjEyMDAwMDAwMDAwMH19",
          "dependencies": [
            "aws_internet_gateway.astro-main-gw",
            "aws_vpc.main"
          ]
        }
      ]
    },
    {
      "mode": "managed",
      "type": "aws_route_table_association",
      "name": "astro-main-public-1",
      "provider": "provider[\"registry.terraform.io/hashicorp/aws\"]",
      "instances": [
        {
          "schema_version": 0,
          "attributes": {
            "gateway_id": "",
            "id": "rtbassoc-09c93983396d13ea6",
            "route_table_id": "rtb-007e67b49f38d7be1",
            "subnet_id": "subnet-072d69206e5818ddc"
          },
          "sensitive_attributes": [],
          "private": "bnVsbA==",
          "dependencies": [
            "aws_internet_gateway.astro-main-gw",
            "aws_route_table.astro-main-public-rtb",
            "aws_subnet.astro-public-1",
            "aws_vpc.main"
          ]
        }
      ]
    },
    {
      "mode": "managed",
      "type": "aws_route_table_association",
      "name": "astro-main-public-2",
      "provider": "provider[\"registry.terraform.io/hashicorp/aws\"]",
      "instances": [
        {
          "schema_version": 0,
          "attributes": {
            "gateway_id": "",
            "id": "rtbassoc-0c3c46abf927d65a8",
            "route_table_id": "rtb-007e67b49f38d7be1",
            "subnet_id": "subnet-0bf7111affa1f414d"
          },
          "sensitive_attributes": [],
          "private": "bnVsbA==",
          "dependencies": [
            "aws_internet_gateway.astro-main-gw",
            "aws_route_table.astro-main-public-rtb",
            "aws_subnet.astro-public-2",
            "aws_vpc.main"
          ]
        }
      ]
    },
    {
      "mode": "managed",
      "type": "aws_security_group",
      "name": "astro-app-alb-sg",
      "provider": "provider[\"registry.terraform.io/hashicorp/aws\"]",
      "instances": [
        {
          "schema_version": 1,
          "attributes": {
            "arn": "arn:aws:ec2:ap-southeast-1:182313674728:security-group/sg-0c5c6c4ab73e03010",
            "description": "Managed by Terraform",
            "egress": [
              {
                "cidr_blocks": [
                  "0.0.0.0/0"
                ],
                "description": "",
                "from_port": 0,
                "ipv6_cidr_blocks": [],
                "prefix_list_ids": [],
                "protocol": "-1",
                "security_groups": [],
                "self": false,
                "to_port": 0
              }
            ],
            "id": "sg-0c5c6c4ab73e03010",
            "ingress": [
              {
                "cidr_blocks": [
                  "10.5.0.0/16"
                ],
                "description": "",
                "from_port": 80,
                "ipv6_cidr_blocks": [],
                "prefix_list_ids": [],
                "protocol": "tcp",
                "security_groups": [],
                "self": false,
                "to_port": 80
              }
            ],
            "name": "astro-app-alb-sg",
            "name_prefix": "",
            "owner_id": "182313674728",
            "revoke_rules_on_delete": false,
            "tags": null,
            "tags_all": {},
            "timeouts": null,
            "vpc_id": "vpc-01c33cc238222ed1a"
          },
          "sensitive_attributes": [],
          "private": "eyJlMmJmYjczMC1lY2FhLTExZTYtOGY4OC0zNDM2M2JjN2M0YzAiOnsiY3JlYXRlIjo2MDAwMDAwMDAwMDAsImRlbGV0ZSI6OTAwMDAwMDAwMDAwfSwic2NoZW1hX3ZlcnNpb24iOiIxIn0=",
          "dependencies": [
            "aws_vpc.main"
          ]
        }
      ]
    },
    {
      "mode": "managed",
      "type": "aws_security_group",
      "name": "astro-app-sg",
      "provider": "provider[\"registry.terraform.io/hashicorp/aws\"]",
      "instances": [
        {
          "schema_version": 1,
          "attributes": {
            "arn": "arn:aws:ec2:ap-southeast-1:182313674728:security-group/sg-037e9510e8e3fa1fe",
            "description": "security group that allows ssh and all egress traffic",
            "egress": [
              {
                "cidr_blocks": [
                  "0.0.0.0/0"
                ],
                "description": "",
                "from_port": 0,
                "ipv6_cidr_blocks": [],
                "prefix_list_ids": [],
                "protocol": "-1",
                "security_groups": [],
                "self": false,
                "to_port": 0
              }
            ],
            "id": "sg-037e9510e8e3fa1fe",
            "ingress": [
              {
                "cidr_blocks": [
                  "10.5.0.0/16"
                ],
                "description": "",
                "from_port": 22,
                "ipv6_cidr_blocks": [],
                "prefix_list_ids": [],
                "protocol": "tcp",
                "security_groups": [],
                "self": false,
                "to_port": 22
              },
              {
                "cidr_blocks": [],
                "description": "",
                "from_port": 80,
                "ipv6_cidr_blocks": [],
                "prefix_list_ids": [],
                "protocol": "tcp",
                "security_groups": [
                  "sg-0c5c6c4ab73e03010"
                ],
                "self": false,
                "to_port": 80
              }
            ],
            "name": "astro-app-sg",
            "name_prefix": "",
            "owner_id": "182313674728",
            "revoke_rules_on_delete": false,
            "tags": {
              "Name": "astro-app-sg"
            },
            "tags_all": {
              "Name": "astro-app-sg"
            },
            "timeouts": null,
            "vpc_id": "vpc-01c33cc238222ed1a"
          },
          "sensitive_attributes": [],
          "private": "eyJlMmJmYjczMC1lY2FhLTExZTYtOGY4OC0zNDM2M2JjN2M0YzAiOnsiY3JlYXRlIjo2MDAwMDAwMDAwMDAsImRlbGV0ZSI6OTAwMDAwMDAwMDAwfSwic2NoZW1hX3ZlcnNpb24iOiIxIn0=",
          "dependencies": [
            "aws_security_group.astro-app-alb-sg",
            "aws_vpc.main"
          ]
        }
      ]
    },
    {
      "mode": "managed",
      "type": "aws_security_group",
      "name": "astro-mysql-sg",
      "provider": "provider[\"registry.terraform.io/hashicorp/aws\"]",
      "instances": [
        {
          "schema_version": 1,
          "attributes": {
            "arn": "arn:aws:ec2:ap-southeast-1:182313674728:security-group/sg-0d0b813c10fa4e583",
            "description": "mysql",
            "egress": [
              {
                "cidr_blocks": [
                  "0.0.0.0/0"
                ],
                "description": "",
                "from_port": 0,
                "ipv6_cidr_blocks": [],
                "prefix_list_ids": [],
                "protocol": "-1",
                "security_groups": [],
                "self": true,
                "to_port": 0
              }
            ],
            "id": "sg-0d0b813c10fa4e583",
            "ingress": [
              {
                "cidr_blocks": [],
                "description": "",
                "from_port": 3306,
                "ipv6_cidr_blocks": [],
                "prefix_list_ids": [],
                "protocol": "tcp",
                "security_groups": [
                  "sg-037e9510e8e3fa1fe"
                ],
                "self": false,
                "to_port": 3306
              }
            ],
            "name": "mysql",
            "name_prefix": "",
            "owner_id": "182313674728",
            "revoke_rules_on_delete": false,
            "tags": {
              "Name": "mysql"
            },
            "tags_all": {
              "Name": "mysql"
            },
            "timeouts": null,
            "vpc_id": "vpc-01c33cc238222ed1a"
          },
          "sensitive_attributes": [],
          "private": "eyJlMmJmYjczMC1lY2FhLTExZTYtOGY4OC0zNDM2M2JjN2M0YzAiOnsiY3JlYXRlIjo2MDAwMDAwMDAwMDAsImRlbGV0ZSI6OTAwMDAwMDAwMDAwfSwic2NoZW1hX3ZlcnNpb24iOiIxIn0=",
          "dependencies": [
            "aws_security_group.astro-app-alb-sg",
            "aws_security_group.astro-app-sg",
            "aws_vpc.main"
          ]
        }
      ]
    },
    {
      "mode": "managed",
      "type": "aws_security_group",
      "name": "astro-web-alb-sg",
      "provider": "provider[\"registry.terraform.io/hashicorp/aws\"]",
      "instances": [
        {
          "schema_version": 1,
          "attributes": {
            "arn": "arn:aws:ec2:ap-southeast-1:182313674728:security-group/sg-018d9247ded823115",
            "description": "Managed by Terraform",
            "egress": [
              {
                "cidr_blocks": [
                  "0.0.0.0/0"
                ],
                "description": "",
                "from_port": 0,
                "ipv6_cidr_blocks": [],
                "prefix_list_ids": [],
                "protocol": "-1",
                "security_groups": [],
                "self": false,
                "to_port": 0
              }
            ],
            "id": "sg-018d9247ded823115",
            "ingress": [
              {
                "cidr_blocks": [
                  "0.0.0.0/0"
                ],
                "description": "",
                "from_port": 80,
                "ipv6_cidr_blocks": [],
                "prefix_list_ids": [],
                "protocol": "tcp",
                "security_groups": [],
                "self": false,
                "to_port": 80
              }
            ],
            "name": "astro-web-alb-sg",
            "name_prefix": "",
            "owner_id": "182313674728",
            "revoke_rules_on_delete": false,
            "tags": null,
            "tags_all": {},
            "timeouts": null,
            "vpc_id": "vpc-01c33cc238222ed1a"
          },
          "sensitive_attributes": [],
          "private": "eyJlMmJmYjczMC1lY2FhLTExZTYtOGY4OC0zNDM2M2JjN2M0YzAiOnsiY3JlYXRlIjo2MDAwMDAwMDAwMDAsImRlbGV0ZSI6OTAwMDAwMDAwMDAwfSwic2NoZW1hX3ZlcnNpb24iOiIxIn0=",
          "dependencies": [
            "aws_vpc.main"
          ]
        }
      ]
    },
    {
      "mode": "managed",
      "type": "aws_security_group",
      "name": "astro-web-sg",
      "provider": "provider[\"registry.terraform.io/hashicorp/aws\"]",
      "instances": [
        {
          "schema_version": 1,
          "attributes": {
            "arn": "arn:aws:ec2:ap-southeast-1:182313674728:security-group/sg-0d231c883defa4cb2",
            "description": "security group that allows ssh and all egress traffic",
            "egress": [
              {
                "cidr_blocks": [
                  "0.0.0.0/0"
                ],
                "description": "",
                "from_port": 0,
                "ipv6_cidr_blocks": [],
                "prefix_list_ids": [],
                "protocol": "-1",
                "security_groups": [],
                "self": false,
                "to_port": 0
              }
            ],
            "id": "sg-0d231c883defa4cb2",
            "ingress": [
              {
                "cidr_blocks": [
                  "0.0.0.0/0"
                ],
                "description": "",
                "from_port": 22,
                "ipv6_cidr_blocks": [],
                "prefix_list_ids": [],
                "protocol": "tcp",
                "security_groups": [],
                "self": false,
                "to_port": 22
              },
              {
                "cidr_blocks": [],
                "description": "",
                "from_port": 80,
                "ipv6_cidr_blocks": [],
                "prefix_list_ids": [],
                "protocol": "tcp",
                "security_groups": [
                  "sg-018d9247ded823115"
                ],
                "self": false,
                "to_port": 80
              }
            ],
            "name": "astro-web-sg",
            "name_prefix": "",
            "owner_id": "182313674728",
            "revoke_rules_on_delete": false,
            "tags": {
              "Name": "astro-web-sg"
            },
            "tags_all": {
              "Name": "astro-web-sg"
            },
            "timeouts": null,
            "vpc_id": "vpc-01c33cc238222ed1a"
          },
          "sensitive_attributes": [],
          "private": "eyJlMmJmYjczMC1lY2FhLTExZTYtOGY4OC0zNDM2M2JjN2M0YzAiOnsiY3JlYXRlIjo2MDAwMDAwMDAwMDAsImRlbGV0ZSI6OTAwMDAwMDAwMDAwfSwic2NoZW1hX3ZlcnNpb24iOiIxIn0=",
          "dependencies": [
            "aws_security_group.astro-web-alb-sg",
            "aws_vpc.main"
          ]
        }
      ]
    },
    {
      "mode": "managed",
      "type": "aws_subnet",
      "name": "astro-private-app-1",
      "provider": "provider[\"registry.terraform.io/hashicorp/aws\"]",
      "instances": [
        {
          "schema_version": 1,
          "attributes": {
            "arn": "arn:aws:ec2:ap-southeast-1:182313674728:subnet/subnet-0d743230322e00295",
            "assign_ipv6_address_on_creation": false,
            "availability_zone": "ap-southeast-1a",
            "availability_zone_id": "apse1-az2",
            "cidr_block": "10.5.11.0/24",
            "customer_owned_ipv4_pool": "",
            "enable_dns64": false,
            "enable_resource_name_dns_a_record_on_launch": false,
            "enable_resource_name_dns_aaaa_record_on_launch": false,
            "id": "subnet-0d743230322e00295",
            "ipv6_cidr_block": "",
            "ipv6_cidr_block_association_id": "",
            "ipv6_native": false,
            "map_customer_owned_ip_on_launch": false,
            "map_public_ip_on_launch": false,
            "outpost_arn": "",
            "owner_id": "182313674728",
            "private_dns_hostname_type_on_launch": "ip-name",
            "tags": {
              "Name": "astro-private-app-1"
            },
            "tags_all": {
              "Name": "astro-private-app-1"
            },
            "timeouts": null,
            "vpc_id": "vpc-01c33cc238222ed1a"
          },
          "sensitive_attributes": [],
          "private": "eyJlMmJmYjczMC1lY2FhLTExZTYtOGY4OC0zNDM2M2JjN2M0YzAiOnsiY3JlYXRlIjo2MDAwMDAwMDAwMDAsImRlbGV0ZSI6MTIwMDAwMDAwMDAwMH0sInNjaGVtYV92ZXJzaW9uIjoiMSJ9",
          "dependencies": [
            "aws_vpc.main"
          ]
        }
      ]
    },
    {
      "mode": "managed",
      "type": "aws_subnet",
      "name": "astro-private-app-2",
      "provider": "provider[\"registry.terraform.io/hashicorp/aws\"]",
      "instances": [
        {
          "schema_version": 1,
          "attributes": {
            "arn": "arn:aws:ec2:ap-southeast-1:182313674728:subnet/subnet-0c2dc22263d9a772c",
            "assign_ipv6_address_on_creation": false,
            "availability_zone": "ap-southeast-1b",
            "availability_zone_id": "apse1-az1",
            "cidr_block": "10.5.21.0/24",
            "customer_owned_ipv4_pool": "",
            "enable_dns64": false,
            "enable_resource_name_dns_a_record_on_launch": false,
            "enable_resource_name_dns_aaaa_record_on_launch": false,
            "id": "subnet-0c2dc22263d9a772c",
            "ipv6_cidr_block": "",
            "ipv6_cidr_block_association_id": "",
            "ipv6_native": false,
            "map_customer_owned_ip_on_launch": false,
            "map_public_ip_on_launch": false,
            "outpost_arn": "",
            "owner_id": "182313674728",
            "private_dns_hostname_type_on_launch": "ip-name",
            "tags": {
              "Name": "astro-private-app-2"
            },
            "tags_all": {
              "Name": "astro-private-app-2"
            },
            "timeouts": null,
            "vpc_id": "vpc-01c33cc238222ed1a"
          },
          "sensitive_attributes": [],
          "private": "eyJlMmJmYjczMC1lY2FhLTExZTYtOGY4OC0zNDM2M2JjN2M0YzAiOnsiY3JlYXRlIjo2MDAwMDAwMDAwMDAsImRlbGV0ZSI6MTIwMDAwMDAwMDAwMH0sInNjaGVtYV92ZXJzaW9uIjoiMSJ9",
          "dependencies": [
            "aws_vpc.main"
          ]
        }
      ]
    },
    {
      "mode": "managed",
      "type": "aws_subnet",
      "name": "astro-private-db-1",
      "provider": "provider[\"registry.terraform.io/hashicorp/aws\"]",
      "instances": [
        {
          "schema_version": 1,
          "attributes": {
            "arn": "arn:aws:ec2:ap-southeast-1:182313674728:subnet/subnet-0c167fe215b9c2fc4",
            "assign_ipv6_address_on_creation": false,
            "availability_zone": "ap-southeast-1a",
            "availability_zone_id": "apse1-az2",
            "cidr_block": "10.5.10.0/24",
            "customer_owned_ipv4_pool": "",
            "enable_dns64": false,
            "enable_resource_name_dns_a_record_on_launch": false,
            "enable_resource_name_dns_aaaa_record_on_launch": false,
            "id": "subnet-0c167fe215b9c2fc4",
            "ipv6_cidr_block": "",
            "ipv6_cidr_block_association_id": "",
            "ipv6_native": false,
            "map_customer_owned_ip_on_launch": false,
            "map_public_ip_on_launch": false,
            "outpost_arn": "",
            "owner_id": "182313674728",
            "private_dns_hostname_type_on_launch": "ip-name",
            "tags": {
              "Name": "astro-private-db-1"
            },
            "tags_all": {
              "Name": "astro-private-db-1"
            },
            "timeouts": null,
            "vpc_id": "vpc-01c33cc238222ed1a"
          },
          "sensitive_attributes": [],
          "private": "eyJlMmJmYjczMC1lY2FhLTExZTYtOGY4OC0zNDM2M2JjN2M0YzAiOnsiY3JlYXRlIjo2MDAwMDAwMDAwMDAsImRlbGV0ZSI6MTIwMDAwMDAwMDAwMH0sInNjaGVtYV92ZXJzaW9uIjoiMSJ9",
          "dependencies": [
            "aws_vpc.main"
          ]
        }
      ]
    },
    {
      "mode": "managed",
      "type": "aws_subnet",
      "name": "astro-private-db-2",
      "provider": "provider[\"registry.terraform.io/hashicorp/aws\"]",
      "instances": [
        {
          "schema_version": 1,
          "attributes": {
            "arn": "arn:aws:ec2:ap-southeast-1:182313674728:subnet/subnet-0f1a816c790917204",
            "assign_ipv6_address_on_creation": false,
            "availability_zone": "ap-southeast-1b",
            "availability_zone_id": "apse1-az1",
            "cidr_block": "10.5.20.0/24",
            "customer_owned_ipv4_pool": "",
            "enable_dns64": false,
            "enable_resource_name_dns_a_record_on_launch": false,
            "enable_resource_name_dns_aaaa_record_on_launch": false,
            "id": "subnet-0f1a816c790917204",
            "ipv6_cidr_block": "",
            "ipv6_cidr_block_association_id": "",
            "ipv6_native": false,
            "map_customer_owned_ip_on_launch": false,
            "map_public_ip_on_launch": false,
            "outpost_arn": "",
            "owner_id": "182313674728",
            "private_dns_hostname_type_on_launch": "ip-name",
            "tags": {
              "Name": "astro-private-db-2"
            },
            "tags_all": {
              "Name": "astro-private-db-2"
            },
            "timeouts": null,
            "vpc_id": "vpc-01c33cc238222ed1a"
          },
          "sensitive_attributes": [],
          "private": "eyJlMmJmYjczMC1lY2FhLTExZTYtOGY4OC0zNDM2M2JjN2M0YzAiOnsiY3JlYXRlIjo2MDAwMDAwMDAwMDAsImRlbGV0ZSI6MTIwMDAwMDAwMDAwMH0sInNjaGVtYV92ZXJzaW9uIjoiMSJ9",
          "dependencies": [
            "aws_vpc.main"
          ]
        }
      ]
    },
    {
      "mode": "managed",
      "type": "aws_subnet",
      "name": "astro-public-1",
      "provider": "provider[\"registry.terraform.io/hashicorp/aws\"]",
      "instances": [
        {
          "schema_version": 1,
          "attributes": {
            "arn": "arn:aws:ec2:ap-southeast-1:182313674728:subnet/subnet-072d69206e5818ddc",
            "assign_ipv6_address_on_creation": false,
            "availability_zone": "ap-southeast-1a",
            "availability_zone_id": "apse1-az2",
            "cidr_block": "10.5.1.0/24",
            "customer_owned_ipv4_pool": "",
            "enable_dns64": false,
            "enable_resource_name_dns_a_record_on_launch": false,
            "enable_resource_name_dns_aaaa_record_on_launch": false,
            "id": "subnet-072d69206e5818ddc",
            "ipv6_cidr_block": "",
            "ipv6_cidr_block_association_id": "",
            "ipv6_native": false,
            "map_customer_owned_ip_on_launch": false,
            "map_public_ip_on_launch": true,
            "outpost_arn": "",
            "owner_id": "182313674728",
            "private_dns_hostname_type_on_launch": "ip-name",
            "tags": {
              "Name": "astro-public-1"
            },
            "tags_all": {
              "Name": "astro-public-1"
            },
            "timeouts": null,
            "vpc_id": "vpc-01c33cc238222ed1a"
          },
          "sensitive_attributes": [],
          "private": "eyJlMmJmYjczMC1lY2FhLTExZTYtOGY4OC0zNDM2M2JjN2M0YzAiOnsiY3JlYXRlIjo2MDAwMDAwMDAwMDAsImRlbGV0ZSI6MTIwMDAwMDAwMDAwMH0sInNjaGVtYV92ZXJzaW9uIjoiMSJ9",
          "dependencies": [
            "aws_vpc.main"
          ]
        }
      ]
    },
    {
      "mode": "managed",
      "type": "aws_subnet",
      "name": "astro-public-2",
      "provider": "provider[\"registry.terraform.io/hashicorp/aws\"]",
      "instances": [
        {
          "schema_version": 1,
          "attributes": {
            "arn": "arn:aws:ec2:ap-southeast-1:182313674728:subnet/subnet-0bf7111affa1f414d",
            "assign_ipv6_address_on_creation": false,
            "availability_zone": "ap-southeast-1b",
            "availability_zone_id": "apse1-az1",
            "cidr_block": "10.5.2.0/24",
            "customer_owned_ipv4_pool": "",
            "enable_dns64": false,
            "enable_resource_name_dns_a_record_on_launch": false,
            "enable_resource_name_dns_aaaa_record_on_launch": false,
            "id": "subnet-0bf7111affa1f414d",
            "ipv6_cidr_block": "",
            "ipv6_cidr_block_association_id": "",
            "ipv6_native": false,
            "map_customer_owned_ip_on_launch": false,
            "map_public_ip_on_launch": true,
            "outpost_arn": "",
            "owner_id": "182313674728",
            "private_dns_hostname_type_on_launch": "ip-name",
            "tags": {
              "Name": "astro-public-2"
            },
            "tags_all": {
              "Name": "astro-public-2"
            },
            "timeouts": null,
            "vpc_id": "vpc-01c33cc238222ed1a"
          },
          "sensitive_attributes": [],
          "private": "eyJlMmJmYjczMC1lY2FhLTExZTYtOGY4OC0zNDM2M2JjN2M0YzAiOnsiY3JlYXRlIjo2MDAwMDAwMDAwMDAsImRlbGV0ZSI6MTIwMDAwMDAwMDAwMH0sInNjaGVtYV92ZXJzaW9uIjoiMSJ9",
          "dependencies": [
            "aws_vpc.main"
          ]
        }
      ]
    },
    {
      "mode": "managed",
      "type": "aws_vpc",
      "name": "main",
      "provider": "provider[\"registry.terraform.io/hashicorp/aws\"]",
      "instances": [
        {
          "schema_version": 1,
          "attributes": {
            "arn": "arn:aws:ec2:ap-southeast-1:182313674728:vpc/vpc-01c33cc238222ed1a",
            "assign_generated_ipv6_cidr_block": false,
            "cidr_block": "10.5.0.0/16",
            "default_network_acl_id": "acl-038bdec80a96eade9",
            "default_route_table_id": "rtb-03cba76323a06cb23",
            "default_security_group_id": "sg-04ed05a294370dd50",
            "dhcp_options_id": "dopt-0df1de888f4a0cf12",
            "enable_classiclink": false,
            "enable_classiclink_dns_support": false,
            "enable_dns_hostnames": true,
            "enable_dns_support": true,
            "id": "vpc-01c33cc238222ed1a",
            "instance_tenancy": "default",
            "ipv4_ipam_pool_id": null,
            "ipv4_netmask_length": null,
            "ipv6_association_id": "",
            "ipv6_cidr_block": "",
            "ipv6_cidr_block_network_border_group": "",
            "ipv6_ipam_pool_id": "",
            "ipv6_netmask_length": 0,
            "main_route_table_id": "rtb-03cba76323a06cb23",
            "owner_id": "182313674728",
            "tags": {
              "Name": "astro-vpc"
            },
            "tags_all": {
              "Name": "astro-vpc"
            }
          },
          "sensitive_attributes": [],
          "private": "eyJzY2hlbWFfdmVyc2lvbiI6IjEifQ=="
        }
      ]
    },
    {
      "mode": "managed",
      "type": "aws_vpc_dhcp_options",
      "name": "dns_resolver",
      "provider": "provider[\"registry.terraform.io/hashicorp/aws\"]",
      "instances": [
        {
          "schema_version": 0,
          "attributes": {
            "arn": "arn:aws:ec2:ap-southeast-1:182313674728:dhcp-options/dopt-087ad10270561e522",
            "domain_name": null,
            "domain_name_servers": [
              "AmazonProvidedDNS"
            ],
            "id": "dopt-087ad10270561e522",
            "netbios_name_servers": null,
            "netbios_node_type": null,
            "ntp_servers": null,
            "owner_id": "182313674728",
            "tags": null,
            "tags_all": {}
          },
          "sensitive_attributes": [],
          "private": "bnVsbA=="
        }
      ]
    },
    {
      "mode": "managed",
      "type": "aws_vpc_dhcp_options_association",
      "name": "dns_resolver",
      "provider": "provider[\"registry.terraform.io/hashicorp/aws\"]",
      "instances": [
        {
          "schema_version": 0,
          "attributes": {
            "dhcp_options_id": "dopt-087ad10270561e522",
            "id": "dopt-087ad10270561e522-vpc-01c33cc238222ed1a",
            "vpc_id": "vpc-01c33cc238222ed1a"
          },
          "sensitive_attributes": [],
          "private": "bnVsbA==",
          "dependencies": [
            "aws_vpc.main",
            "aws_vpc_dhcp_options.dns_resolver"
          ]
        }
      ]
    },
    {
      "mode": "managed",
      "type": "local_file",
      "name": "astro-private-key",
      "provider": "provider[\"registry.terraform.io/hashicorp/local\"]",
      "instances": [
        {
          "schema_version": 0,
          "attributes": {
            "content": "-----BEGIN RSA PRIVATE KEY-----\nMIIJJwIBAAKCAgEAuf0e/jee3uFJfL1HPRhYUjAB1E6DhvOnClssqcfjzkc4PQva\nAFBPY9VXbIDwEj+H8z9ygcS4sIAAHezIGTCtIhVGvJb1HoUwgztcbBwobJT2N+bb\nXGhjgv7jXhdvXQ8m0WBC4q2Ab8LBp90MtDCY4S0V2oOEtjT1VrzCeMeiNTKhvV1V\n4GikB4CjnQUGUoHwFbABIToi7Xvlzxdh8+92tSbQWgS5MiWUTFGIwVZexN27gFeM\nktmBb3iGdTQw1C2JdGZeTuSQ88iadXTKB9gmnBHC4pyTnbkPNedObhmIigi2cxQr\nlo4+hjw8KTlONgTiWgaDgVnqjQB4Bv44Av+meFJ9TzXa99IdzdbyYx/J5l5cwywg\nNLfFAEOh360HKSJTPgJBwz9BfRLDEjf2P8JFFJzGCFWmfu4Kog6ISpln5r6e+L2G\n/7eiMwD4o4O/NSLG6nQWTjhKDH2ZniSj4ljnWMfn8mcMKiRhnOOH0NGh1ovxQg/n\nM9gw9oV8JT5Zfct1keN8OYMSRR5G2/C3Eetz9GdYeYcCJdDqeS3QcIQat9klcw1Q\nHntpAgxFtretSr1RiqGUyZfSNnvwXMBaDdIrFA4aFbjqa5uBPI77MrdI20tSaujR\n20Pxw8Y/P+IV0ThFfolNVy9v5ANhctYrh8hUAxyJpTL2ga5RApXok6ssuTUCAwEA\nAQKCAf9ecitK7PPAOqcWsQd7/uDa24YSScyAuzoYCDSmAtur5H6qgVoyzpWCHNRI\nRTGkEp7250E+pKck+dsVVyhFonJI3IUPP5k55mi8O2izfZkJipt9x72dL2VZIBZV\nsZDbsNYFfNx6P6D5H+03UQkid4sqzbpLPH4oCLyNT01yB+5XFV8MyljRnFGvfaOY\nGPUc8N76JGZueRdDgacxgq47MV8Wnp8vFzb0QCEOoFjR1QpK7k5I3iyEZe9Uq9+b\npOUm2fjzIwjBB1CUe0n0W1o8oYb5ugs9CEXt0gvnU46AWnb7oXEE/zkjOxiFEhF6\n3Z7Zz6EiFiyxgveYoqRQ6MeIvknJ8Wv8UeIhETgTqT96FyAUqrWVarNG0ywWSnXp\n1THBrrkmE0TYsRAZzUPQ8dd+IlDVwXRMHc9xCsgcbab7pddgVu25OdEUKmoExo78\njOLFhTRkezg35vQFyc2KfMtjRPJSpkJAht7KXL/jktNAbiTlU39JD5wEpvIh34o9\n/0nAyipRqKWFN0iGqIaFglmH7GpnpNXB622CVzfcsAyzuBkejFBBALaMbQebY1M6\n9gcjyePbOlhYyqnv0Pj4F5A8Dtv8MOIoRPkM3phJcgGncKACk3nziH/iWDay1pXM\nI1tVuaUVLNT3otA6d/9Ct3L6PzYF47NsmW4WVJ/mCvMv7E7ZAoIBAQDwqxpbiADD\nW6zDeKt/ZB/fg4RqQsWhRr7XmuI6r5XrebXTQpnuBvk5Vn7q/6OwTMYtBxdjpvHC\n/TfYZPm52hIIeXRtgWwDeOERW83GxHFyjajzB5O95x5cV98yIWYxEKW3qtbQIVg5\n6K8XhSswJ1KQ3hO+CMzMAdm8aTYcWWa1LVYdIvpTS2I0m7lpa/D0b6e6wVsZRG0g\ngXUIUm/26X7LNfFcpaNsx6cYdxxyRS61CCxkqh4AOBY852/16vFAJh/KDI6lHQIp\n5E7y8jYej78NAoxd0s0lt4xrTTVvZcnACrSzLwlb9XoprpKzeztP2mWvV4ItejWC\nO0CvUYYUx1B/AoIBAQDF1kkNyDwT+vQFDSNEoIPzcloUA3P2Gf+GhJ5Yh6UuBygW\niyGEm2qEBu149b+QYLySn1RAjjTX57Ko0cR3h+Arsy1cvhW1KPUCKxaCJ2w+Dhq8\n5fdI0VryVsJQX0jUePrAUvaYpUWkfF9gQ/nN/c/ayxWW/7k9fFY/34HEZvtdVc3Y\nI7mMt6QDKsfgKZKkag2KpBzxUJHCq5IdygjiQ0OY5gzh9jHsA8CHog/ch2sptGfa\nDvQvNjreuJvs1N5M6UzIQAq2/gNarlfeaUiEey2SB/A/RxhFa1yrIAz2Uos/KXGT\nVSl1Ywy9r3hUfbN4Go9xrZSlR77b6fup15W25dxLAoIBAAp7+bb5Esdv6/PMAvSW\nwQi0qwUSCZgAA/pShf52fbp3X+NnKFuFNEA6M2c7Yb8haRS3FV7C/A85hsBHjdV5\n2YVC/T5z/+ea0Xs3G5zIHAUYhL6pmtcQBXOSZGfDqrcCeaWprJf+i+Bh8Za9t2bu\nn5suAYAq0/kjL4AUuUW840uLQRAd4PfV9d5C1m3wRNvxLUZme/h60aIz4YxOQxBn\nlZ12qSAXGyp2/CGFttiHiQRb6css2ge6acWXc3osFPxtbL8ZkvFAdUKr7oCI6rCk\nJHeFn+XKdCNrfpOCFozWy1YxYTPZHbhC1mKQd1WYTbop0noz/rjKdSBKQoQgsg2f\nrTMCggEARwb0+W6/Kwk5HKsn01axqPCQKIlI071nwPrSAsTIZ+sH2HghE4PczQPT\ntE6+dO5WJWnwjLDBhhZYTUXqfGOa9vWAPsC7+Gt480tW7GmM8gaMUO9bRZhsR38g\nikx7UFUS6YOfpxQHGdPRRjWBdRQ/0LSCztCGx+1g5dOvujyi2FKa8ZN55Wx1BPIS\nCofCbyboL7NV9MlRW4vPjMRhRiKSHU3SqDmEmNCMCeYEPc+ciL+NXXtq7ZxRrG6p\nBHE0UnacK3Tao/I0cBUR1PcFoxK6PKh+96jlrN6ryYBbRwBBn+6YKSY1GUDzbRKX\nZ/YtPdyDTXPdXy2P91JdGRAeXyjNWwKCAQEAzOnhb+2MtUy6u1EvP0v2kUS06jEA\nSHP++ggr/0Evvu7SjnKGtx6nY3KGqDuSbMbXFrRk6DlbBeFjbqOSJELPta7TMlCR\nZWP+Mijx2ff5mYXUtZrazqoCAgEYWoXanVgby+q3eYQSYM9aqhfpgcpH4bQZGJGP\nNMJiau7UXtV2jCjceW9gVqL7BuLezEez/famoHDzWJTzlleVlU15iwalS5EAootg\nD2JDMeWDliPx/lBaiCKnF/cMendCP2nhK6rzxgciUITioeatuFTDVFaOMUTJnNrA\nAztTpjmH7RtE2mia0IOYBvF5eGm4oKDmaKSoRjMHeNKZZ0wXTY+rs539BA==\n-----END RSA PRIVATE KEY-----\n",
            "content_base64": null,
            "directory_permission": "0777",
            "file_permission": "0600",
            "filename": "astro-key.pem",
            "id": "e7a348bddcd435be3118f8d3ec291308d1843777",
            "sensitive_content": null,
            "source": null
          },
          "sensitive_attributes": [
            [
              {
                "type": "get_attr",
                "value": "content"
              }
            ]
          ],
          "private": "bnVsbA==",
          "dependencies": [
            "tls_private_key.astro-key"
          ]
        }
      ]
    },
    {
      "mode": "managed",
      "type": "random_string",
      "name": "random",
      "provider": "provider[\"registry.terraform.io/hashicorp/random\"]",
      "instances": [
        {
          "schema_version": 1,
          "attributes": {
            "id": "ytknyt0j",
            "keepers": null,
            "length": 8,
            "lower": true,
            "min_lower": 0,
            "min_numeric": 0,
            "min_special": 0,
            "min_upper": 0,
            "number": true,
            "override_special": null,
            "result": "ytknyt0j",
            "special": false,
            "upper": false
          },
          "sensitive_attributes": [],
          "private": "eyJzY2hlbWFfdmVyc2lvbiI6IjEifQ=="
        }
      ]
    },
    {
      "mode": "managed",
      "type": "tls_private_key",
      "name": "astro-key",
      "provider": "provider[\"registry.terraform.io/hashicorp/tls\"]",
      "instances": [
        {
          "schema_version": 0,
          "attributes": {
            "algorithm": "RSA",
            "ecdsa_curve": "P224",
            "id": "22b8310d4ed6693906aee0bccc3119b5033214be",
            "private_key_openssh": "-----BEGIN OPENSSH PRIVATE KEY-----\nb3BlbnNzaC1rZXktdjEAAAAABG5vbmUAAAAEbm9uZQAAAAAAAAABAAACFwAAAAdz\nc2gtcnNhAAAAAwEAAQAAAgEAuf0e/jee3uFJfL1HPRhYUjAB1E6DhvOnClssqcfj\nzkc4PQvaAFBPY9VXbIDwEj+H8z9ygcS4sIAAHezIGTCtIhVGvJb1HoUwgztcbBwo\nbJT2N+bbXGhjgv7jXhdvXQ8m0WBC4q2Ab8LBp90MtDCY4S0V2oOEtjT1VrzCeMei\nNTKhvV1V4GikB4CjnQUGUoHwFbABIToi7Xvlzxdh8+92tSbQWgS5MiWUTFGIwVZe\nxN27gFeMktmBb3iGdTQw1C2JdGZeTuSQ88iadXTKB9gmnBHC4pyTnbkPNedObhmI\nigi2cxQrlo4+hjw8KTlONgTiWgaDgVnqjQB4Bv44Av+meFJ9TzXa99IdzdbyYx/J\n5l5cwywgNLfFAEOh360HKSJTPgJBwz9BfRLDEjf2P8JFFJzGCFWmfu4Kog6ISpln\n5r6e+L2G/7eiMwD4o4O/NSLG6nQWTjhKDH2ZniSj4ljnWMfn8mcMKiRhnOOH0NGh\n1ovxQg/nM9gw9oV8JT5Zfct1keN8OYMSRR5G2/C3Eetz9GdYeYcCJdDqeS3QcIQa\nt9klcw1QHntpAgxFtretSr1RiqGUyZfSNnvwXMBaDdIrFA4aFbjqa5uBPI77MrdI\n20tSaujR20Pxw8Y/P+IV0ThFfolNVy9v5ANhctYrh8hUAxyJpTL2ga5RApXok6ss\nuTUAAAc4ymIGcMpiBnAAAAAHc3NoLXJzYQAAAgEAuf0e/jee3uFJfL1HPRhYUjAB\n1E6DhvOnClssqcfjzkc4PQvaAFBPY9VXbIDwEj+H8z9ygcS4sIAAHezIGTCtIhVG\nvJb1HoUwgztcbBwobJT2N+bbXGhjgv7jXhdvXQ8m0WBC4q2Ab8LBp90MtDCY4S0V\n2oOEtjT1VrzCeMeiNTKhvV1V4GikB4CjnQUGUoHwFbABIToi7Xvlzxdh8+92tSbQ\nWgS5MiWUTFGIwVZexN27gFeMktmBb3iGdTQw1C2JdGZeTuSQ88iadXTKB9gmnBHC\n4pyTnbkPNedObhmIigi2cxQrlo4+hjw8KTlONgTiWgaDgVnqjQB4Bv44Av+meFJ9\nTzXa99IdzdbyYx/J5l5cwywgNLfFAEOh360HKSJTPgJBwz9BfRLDEjf2P8JFFJzG\nCFWmfu4Kog6ISpln5r6e+L2G/7eiMwD4o4O/NSLG6nQWTjhKDH2ZniSj4ljnWMfn\n8mcMKiRhnOOH0NGh1ovxQg/nM9gw9oV8JT5Zfct1keN8OYMSRR5G2/C3Eetz9GdY\neYcCJdDqeS3QcIQat9klcw1QHntpAgxFtretSr1RiqGUyZfSNnvwXMBaDdIrFA4a\nFbjqa5uBPI77MrdI20tSaujR20Pxw8Y/P+IV0ThFfolNVy9v5ANhctYrh8hUAxyJ\npTL2ga5RApXok6ssuTUAAAADAQABAAAB/15yK0rs88A6pxaxB3v+4NrbhhJJzIC7\nOhgINKYC26vkfqqBWjLOlYIc1EhFMaQSnvbnQT6kpyT52xVXKEWickjchQ8/mTnm\naLw7aLN9mQmKm33HvZ0vZVkgFlWxkNuw1gV83Ho/oPkf7TdRCSJ3iyrNuks8figI\nvI1PTXIH7lcVXwzKWNGcUa99o5gY9Rzw3vokZm55F0OBpzGCrjsxXxaeny8XNvRA\nIQ6gWNHVCkruTkjeLIRl71Sr35uk5SbZ+PMjCMEHUJR7SfRbWjyhhvm6Cz0IRe3S\nC+dTjoBadvuhcQT/OSM7GIUSEXrdntnPoSIWLLGC95iipFDox4i+Scnxa/xR4iER\nOBOpP3oXIBSqtZVqs0bTLBZKdenVMcGuuSYTRNixEBnNQ9Dx134iUNXBdEwdz3EK\nyBxtpvul12BW7bk50RQqagTGjvyM4sWFNGR7ODfm9AXJzYp8y2NE8lKmQkCG3spc\nv+OS00BuJOVTf0kPnASm8iHfij3/ScDKKlGopYU3SIaohoWCWYfsamek1cHrbYJX\nN9ywDLO4GR6MUEEAtoxtB5tjUzr2ByPJ49s6WFjKqe/Q+PgXkDwO2/ww4ihE+Qze\nmElyAadwoAKTefOIf+JYNrLWlcwjW1W5pRUs1Pei0Dp3/0K3cvo/NgXjs2yZbhZU\nn+YK8y/sTtkAAAEBAMzp4W/tjLVMurtRLz9L9pFEtOoxAEhz/voIK/9BL77u0o5y\nhrcep2Nyhqg7kmzG1xa0ZOg5WwXhY26jkiRCz7Wu0zJQkWVj/jIo8dn3+ZmF1LWa\n2s6qAgIBGFqF2p1YG8vqt3mEEmDPWqoX6YHKR+G0GRiRjzTCYmru1F7Vdowo3Hlv\nYFai+wbi3sxHs/32pqBw81iU85ZXlZVNeYsGpUuRAKKLYA9iQzHlg5Yj8f5QWogi\npxf3DHp3Qj9p4Suq88YHIlCE4qHmrbhUw1RWjjFEyZzawAM7U6Y5h+0bRNpomtCD\nmAbxeXhpuKCg5mikqEYzB3jSmWdMF02Pq7Od/QQAAAEBAPCrGluIAMNbrMN4q39k\nH9+DhGpCxaFGvtea4jqvlet5tdNCme4G+TlWfur/o7BMxi0HF2Om8cL9N9hk+bna\nEgh5dG2BbAN44RFbzcbEcXKNqPMHk73nHlxX3zIhZjEQpbeq1tAhWDnorxeFKzAn\nUpDeE74IzMwB2bxpNhxZZrUtVh0i+lNLYjSbuWlr8PRvp7rBWxlEbSCBdQhSb/bp\nfss18Vylo2zHpxh3HHJFLrUILGSqHgA4Fjznb/Xq8UAmH8oMjqUdAinkTvLyNh6P\nvw0CjF3SzSW3jGtNNW9lycAKtLMvCVv1eimukrN7O0/aZa9Xgi16NYI7QK9RhhTH\nUH8AAAEBAMXWSQ3IPBP69AUNI0Sgg/NyWhQDc/YZ/4aEnliHpS4HKBaLIYSbaoQG\n7Xj1v5BgvJKfVECONNfnsqjRxHeH4CuzLVy+FbUo9QIrFoInbD4OGrzl90jRWvJW\nwlBfSNR4+sBS9pilRaR8X2BD+c39z9rLFZb/uT18Vj/fgcRm+11VzdgjuYy3pAMq\nx+ApkqRqDYqkHPFQkcKrkh3KCOJDQ5jmDOH2MewDwIeiD9yHaym0Z9oO9C82Ot64\nm+zU3kzpTMhACrb+A1quV95pSIR7LZIH8D9HGEVrXKsgDPZSiz8pcZNVKXVjDL2v\neFR9s3gaj3GtlKVHvtvp+6nXlbbl3EsAAAAAAQID\n-----END OPENSSH PRIVATE KEY-----\n",
            "private_key_pem": "-----BEGIN RSA PRIVATE KEY-----\nMIIJJwIBAAKCAgEAuf0e/jee3uFJfL1HPRhYUjAB1E6DhvOnClssqcfjzkc4PQva\nAFBPY9VXbIDwEj+H8z9ygcS4sIAAHezIGTCtIhVGvJb1HoUwgztcbBwobJT2N+bb\nXGhjgv7jXhdvXQ8m0WBC4q2Ab8LBp90MtDCY4S0V2oOEtjT1VrzCeMeiNTKhvV1V\n4GikB4CjnQUGUoHwFbABIToi7Xvlzxdh8+92tSbQWgS5MiWUTFGIwVZexN27gFeM\nktmBb3iGdTQw1C2JdGZeTuSQ88iadXTKB9gmnBHC4pyTnbkPNedObhmIigi2cxQr\nlo4+hjw8KTlONgTiWgaDgVnqjQB4Bv44Av+meFJ9TzXa99IdzdbyYx/J5l5cwywg\nNLfFAEOh360HKSJTPgJBwz9BfRLDEjf2P8JFFJzGCFWmfu4Kog6ISpln5r6e+L2G\n/7eiMwD4o4O/NSLG6nQWTjhKDH2ZniSj4ljnWMfn8mcMKiRhnOOH0NGh1ovxQg/n\nM9gw9oV8JT5Zfct1keN8OYMSRR5G2/C3Eetz9GdYeYcCJdDqeS3QcIQat9klcw1Q\nHntpAgxFtretSr1RiqGUyZfSNnvwXMBaDdIrFA4aFbjqa5uBPI77MrdI20tSaujR\n20Pxw8Y/P+IV0ThFfolNVy9v5ANhctYrh8hUAxyJpTL2ga5RApXok6ssuTUCAwEA\nAQKCAf9ecitK7PPAOqcWsQd7/uDa24YSScyAuzoYCDSmAtur5H6qgVoyzpWCHNRI\nRTGkEp7250E+pKck+dsVVyhFonJI3IUPP5k55mi8O2izfZkJipt9x72dL2VZIBZV\nsZDbsNYFfNx6P6D5H+03UQkid4sqzbpLPH4oCLyNT01yB+5XFV8MyljRnFGvfaOY\nGPUc8N76JGZueRdDgacxgq47MV8Wnp8vFzb0QCEOoFjR1QpK7k5I3iyEZe9Uq9+b\npOUm2fjzIwjBB1CUe0n0W1o8oYb5ugs9CEXt0gvnU46AWnb7oXEE/zkjOxiFEhF6\n3Z7Zz6EiFiyxgveYoqRQ6MeIvknJ8Wv8UeIhETgTqT96FyAUqrWVarNG0ywWSnXp\n1THBrrkmE0TYsRAZzUPQ8dd+IlDVwXRMHc9xCsgcbab7pddgVu25OdEUKmoExo78\njOLFhTRkezg35vQFyc2KfMtjRPJSpkJAht7KXL/jktNAbiTlU39JD5wEpvIh34o9\n/0nAyipRqKWFN0iGqIaFglmH7GpnpNXB622CVzfcsAyzuBkejFBBALaMbQebY1M6\n9gcjyePbOlhYyqnv0Pj4F5A8Dtv8MOIoRPkM3phJcgGncKACk3nziH/iWDay1pXM\nI1tVuaUVLNT3otA6d/9Ct3L6PzYF47NsmW4WVJ/mCvMv7E7ZAoIBAQDwqxpbiADD\nW6zDeKt/ZB/fg4RqQsWhRr7XmuI6r5XrebXTQpnuBvk5Vn7q/6OwTMYtBxdjpvHC\n/TfYZPm52hIIeXRtgWwDeOERW83GxHFyjajzB5O95x5cV98yIWYxEKW3qtbQIVg5\n6K8XhSswJ1KQ3hO+CMzMAdm8aTYcWWa1LVYdIvpTS2I0m7lpa/D0b6e6wVsZRG0g\ngXUIUm/26X7LNfFcpaNsx6cYdxxyRS61CCxkqh4AOBY852/16vFAJh/KDI6lHQIp\n5E7y8jYej78NAoxd0s0lt4xrTTVvZcnACrSzLwlb9XoprpKzeztP2mWvV4ItejWC\nO0CvUYYUx1B/AoIBAQDF1kkNyDwT+vQFDSNEoIPzcloUA3P2Gf+GhJ5Yh6UuBygW\niyGEm2qEBu149b+QYLySn1RAjjTX57Ko0cR3h+Arsy1cvhW1KPUCKxaCJ2w+Dhq8\n5fdI0VryVsJQX0jUePrAUvaYpUWkfF9gQ/nN/c/ayxWW/7k9fFY/34HEZvtdVc3Y\nI7mMt6QDKsfgKZKkag2KpBzxUJHCq5IdygjiQ0OY5gzh9jHsA8CHog/ch2sptGfa\nDvQvNjreuJvs1N5M6UzIQAq2/gNarlfeaUiEey2SB/A/RxhFa1yrIAz2Uos/KXGT\nVSl1Ywy9r3hUfbN4Go9xrZSlR77b6fup15W25dxLAoIBAAp7+bb5Esdv6/PMAvSW\nwQi0qwUSCZgAA/pShf52fbp3X+NnKFuFNEA6M2c7Yb8haRS3FV7C/A85hsBHjdV5\n2YVC/T5z/+ea0Xs3G5zIHAUYhL6pmtcQBXOSZGfDqrcCeaWprJf+i+Bh8Za9t2bu\nn5suAYAq0/kjL4AUuUW840uLQRAd4PfV9d5C1m3wRNvxLUZme/h60aIz4YxOQxBn\nlZ12qSAXGyp2/CGFttiHiQRb6css2ge6acWXc3osFPxtbL8ZkvFAdUKr7oCI6rCk\nJHeFn+XKdCNrfpOCFozWy1YxYTPZHbhC1mKQd1WYTbop0noz/rjKdSBKQoQgsg2f\nrTMCggEARwb0+W6/Kwk5HKsn01axqPCQKIlI071nwPrSAsTIZ+sH2HghE4PczQPT\ntE6+dO5WJWnwjLDBhhZYTUXqfGOa9vWAPsC7+Gt480tW7GmM8gaMUO9bRZhsR38g\nikx7UFUS6YOfpxQHGdPRRjWBdRQ/0LSCztCGx+1g5dOvujyi2FKa8ZN55Wx1BPIS\nCofCbyboL7NV9MlRW4vPjMRhRiKSHU3SqDmEmNCMCeYEPc+ciL+NXXtq7ZxRrG6p\nBHE0UnacK3Tao/I0cBUR1PcFoxK6PKh+96jlrN6ryYBbRwBBn+6YKSY1GUDzbRKX\nZ/YtPdyDTXPdXy2P91JdGRAeXyjNWwKCAQEAzOnhb+2MtUy6u1EvP0v2kUS06jEA\nSHP++ggr/0Evvu7SjnKGtx6nY3KGqDuSbMbXFrRk6DlbBeFjbqOSJELPta7TMlCR\nZWP+Mijx2ff5mYXUtZrazqoCAgEYWoXanVgby+q3eYQSYM9aqhfpgcpH4bQZGJGP\nNMJiau7UXtV2jCjceW9gVqL7BuLezEez/famoHDzWJTzlleVlU15iwalS5EAootg\nD2JDMeWDliPx/lBaiCKnF/cMendCP2nhK6rzxgciUITioeatuFTDVFaOMUTJnNrA\nAztTpjmH7RtE2mia0IOYBvF5eGm4oKDmaKSoRjMHeNKZZ0wXTY+rs539BA==\n-----END RSA PRIVATE KEY-----\n",
            "public_key_fingerprint_md5": "df:42:65:11:cc:7c:cd:ae:36:43:92:a3:ac:a7:77:80",
            "public_key_fingerprint_sha256": "SHA256:ht0QU7YEFY0+BZLAuQsyzksp7bQSjOzziI2ffp3Szt8",
            "public_key_openssh": "ssh-rsa AAAAB3NzaC1yc2EAAAADAQABAAACAQC5/R7+N57e4Ul8vUc9GFhSMAHUToOG86cKWyypx+PORzg9C9oAUE9j1VdsgPASP4fzP3KBxLiwgAAd7MgZMK0iFUa8lvUehTCDO1xsHChslPY35ttcaGOC/uNeF29dDybRYELirYBvwsGn3Qy0MJjhLRXag4S2NPVWvMJ4x6I1MqG9XVXgaKQHgKOdBQZSgfAVsAEhOiLte+XPF2Hz73a1JtBaBLkyJZRMUYjBVl7E3buAV4yS2YFveIZ1NDDULYl0Zl5O5JDzyJp1dMoH2CacEcLinJOduQ81505uGYiKCLZzFCuWjj6GPDwpOU42BOJaBoOBWeqNAHgG/jgC/6Z4Un1PNdr30h3N1vJjH8nmXlzDLCA0t8UAQ6HfrQcpIlM+AkHDP0F9EsMSN/Y/wkUUnMYIVaZ+7gqiDohKmWfmvp74vYb/t6IzAPijg781IsbqdBZOOEoMfZmeJKPiWOdYx+fyZwwqJGGc44fQ0aHWi/FCD+cz2DD2hXwlPll9y3WR43w5gxJFHkbb8LcR63P0Z1h5hwIl0Op5LdBwhBq32SVzDVAee2kCDEW2t61KvVGKoZTJl9I2e/BcwFoN0isUDhoVuOprm4E8jvsyt0jbS1Jq6NHbQ/HDxj8/4hXROEV+iU1XL2/kA2Fy1iuHyFQDHImlMvaBrlECleiTqyy5NQ==\n",
            "public_key_pem": "-----BEGIN PUBLIC KEY-----\nMIICIjANBgkqhkiG9w0BAQEFAAOCAg8AMIICCgKCAgEAuf0e/jee3uFJfL1HPRhY\nUjAB1E6DhvOnClssqcfjzkc4PQvaAFBPY9VXbIDwEj+H8z9ygcS4sIAAHezIGTCt\nIhVGvJb1HoUwgztcbBwobJT2N+bbXGhjgv7jXhdvXQ8m0WBC4q2Ab8LBp90MtDCY\n4S0V2oOEtjT1VrzCeMeiNTKhvV1V4GikB4CjnQUGUoHwFbABIToi7Xvlzxdh8+92\ntSbQWgS5MiWUTFGIwVZexN27gFeMktmBb3iGdTQw1C2JdGZeTuSQ88iadXTKB9gm\nnBHC4pyTnbkPNedObhmIigi2cxQrlo4+hjw8KTlONgTiWgaDgVnqjQB4Bv44Av+m\neFJ9TzXa99IdzdbyYx/J5l5cwywgNLfFAEOh360HKSJTPgJBwz9BfRLDEjf2P8JF\nFJzGCFWmfu4Kog6ISpln5r6e+L2G/7eiMwD4o4O/NSLG6nQWTjhKDH2ZniSj4ljn\nWMfn8mcMKiRhnOOH0NGh1ovxQg/nM9gw9oV8JT5Zfct1keN8OYMSRR5G2/C3Eetz\n9GdYeYcCJdDqeS3QcIQat9klcw1QHntpAgxFtretSr1RiqGUyZfSNnvwXMBaDdIr\nFA4aFbjqa5uBPI77MrdI20tSaujR20Pxw8Y/P+IV0ThFfolNVy9v5ANhctYrh8hU\nAxyJpTL2ga5RApXok6ssuTUCAwEAAQ==\n-----END PUBLIC KEY-----\n",
            "rsa_bits": 4096
          },
          "sensitive_attributes": [],
          "private": "bnVsbA=="
        }
      ]
    },
    {
      "module": "module.s3_bucket",
      "mode": "data",
      "type": "aws_canonical_user_id",
      "name": "this",
      "provider": "provider[\"registry.terraform.io/hashicorp/aws\"]",
      "instances": [
        {
          "schema_version": 0,
          "attributes": {
            "display_name": "awswee04",
            "id": "53027488a0443f4cfb21e4d218cdd2eea8a0103b7a419aef227d3fab0ee81dd6"
          },
          "sensitive_attributes": []
        }
      ]
    },
    {
      "module": "module.s3_bucket",
      "mode": "managed",
      "type": "aws_s3_bucket",
      "name": "this",
      "provider": "provider[\"registry.terraform.io/hashicorp/aws\"]",
      "instances": [
        {
          "index_key": 0,
          "schema_version": 0,
          "attributes": {
            "acceleration_status": "",
            "acl": null,
            "arn": "arn:aws:s3:::astro-s3-bucket-ytknyt0j",
            "bucket": "astro-s3-bucket-ytknyt0j",
            "bucket_domain_name": "astro-s3-bucket-ytknyt0j.s3.amazonaws.com",
            "bucket_prefix": null,
            "bucket_regional_domain_name": "astro-s3-bucket-ytknyt0j.s3.ap-southeast-1.amazonaws.com",
            "cors_rule": [],
            "force_destroy": false,
            "grant": [
              {
                "id": "53027488a0443f4cfb21e4d218cdd2eea8a0103b7a419aef227d3fab0ee81dd6",
                "permissions": [
                  "FULL_CONTROL"
                ],
                "type": "CanonicalUser",
                "uri": ""
              }
            ],
            "hosted_zone_id": "Z3O0J2DXBE1FTB",
            "id": "astro-s3-bucket-ytknyt0j",
            "lifecycle_rule": [],
            "logging": [],
            "object_lock_configuration": [],
            "object_lock_enabled": false,
            "policy": "",
            "region": "ap-southeast-1",
            "replication_configuration": [],
            "request_payer": "BucketOwner",
            "server_side_encryption_configuration": [],
            "tags": null,
            "tags_all": {},
            "versioning": [
              {
                "enabled": false,
                "mfa_delete": false
              }
            ],
            "website": [],
            "website_domain": null,
            "website_endpoint": null
          },
          "sensitive_attributes": [],
          "private": "bnVsbA==",
          "dependencies": [
            "random_string.random"
          ]
        }
      ]
    },
    {
      "module": "module.s3_bucket",
      "mode": "managed",
      "type": "aws_s3_bucket_acl",
      "name": "this",
      "provider": "provider[\"registry.terraform.io/hashicorp/aws\"]",
      "instances": [
        {
          "index_key": 0,
          "schema_version": 0,
          "attributes": {
            "access_control_policy": [
              {
                "grant": [
                  {
                    "grantee": [
                      {
                        "display_name": "awswee04",
                        "email_address": "",
                        "id": "53027488a0443f4cfb21e4d218cdd2eea8a0103b7a419aef227d3fab0ee81dd6",
                        "type": "CanonicalUser",
                        "uri": ""
                      }
                    ],
                    "permission": "FULL_CONTROL"
                  }
                ],
                "owner": [
                  {
                    "display_name": "awswee04",
                    "id": "53027488a0443f4cfb21e4d218cdd2eea8a0103b7a419aef227d3fab0ee81dd6"
                  }
                ]
              }
            ],
            "acl": "private",
            "bucket": "astro-s3-bucket-ytknyt0j",
            "expected_bucket_owner": "",
            "id": "astro-s3-bucket-ytknyt0j,private"
          },
          "sensitive_attributes": [],
          "private": "bnVsbA==",
          "dependencies": [
            "module.s3_bucket.aws_s3_bucket.this",
            "module.s3_bucket.data.aws_canonical_user_id.this",
            "random_string.random"
          ]
        }
      ]
    },
    {
      "module": "module.s3_bucket",
      "mode": "managed",
      "type": "aws_s3_bucket_public_access_block",
      "name": "this",
      "provider": "provider[\"registry.terraform.io/hashicorp/aws\"]",
      "instances": [
        {
          "index_key": 0,
          "schema_version": 0,
          "attributes": {
            "block_public_acls": false,
            "block_public_policy": false,
            "bucket": "astro-s3-bucket-ytknyt0j",
            "id": "astro-s3-bucket-ytknyt0j",
            "ignore_public_acls": false,
            "restrict_public_buckets": false
          },
          "sensitive_attributes": [],
          "private": "bnVsbA==",
          "dependencies": [
            "module.s3_bucket.aws_s3_bucket.this",
            "module.s3_bucket.aws_s3_bucket_policy.this",
            "random_string.random"
          ]
        }
      ]
    },
    {
      "module": "module.s3_bucket",
      "mode": "managed",
      "type": "aws_s3_bucket_versioning",
      "name": "this",
      "provider": "provider[\"registry.terraform.io/hashicorp/aws\"]",
      "instances": [
        {
          "index_key": 0,
          "schema_version": 0,
          "attributes": {
            "bucket": "astro-s3-bucket-ytknyt0j",
            "expected_bucket_owner": "",
            "id": "astro-s3-bucket-ytknyt0j",
            "mfa": null,
            "versioning_configuration": [
              {
                "mfa_delete": "",
                "status": "Enabled"
              }
            ]
          },
          "sensitive_attributes": [],
          "private": "bnVsbA==",
          "dependencies": [
            "module.s3_bucket.aws_s3_bucket.this",
            "random_string.random"
          ]
        }
      ]
    }
  ]
}
